PODS:
  - google-cast-sdk (4.8.6):
    - GTMSessionFetcher
  - GTMSessionFetcher (5.3.1):
    - GTMSessionFetcher/Full (= 5.3.1)
  - GTMSessionFetcher/Core (5.3.1)
  - GTMSessionFetcher/Full (5.3.1):
    - GTMSessionFetcher/Core

DEPENDENCIES:
  - google-cast-sdk (~> 4.8.6)

SPEC REPOS:
  trunk:
    - google-cast-sdk
    - GTMSessionFetcher

SPEC CHECKSUMS:
  google-cast-sdk: e90a401e59b477644157fa782359b31b24448c9f
  GTMSessionFetcher: a6d2b2aa203485893d4511ff64642dc811f7c09f

PODFILE CHECKSUM: 892c50f5d473c527255aa8ec1954ccf6f2dea0f9

COCOAPODS: 1.17.0
