PODS:
  - google-cast-sdk-no-bluetooth (4.8.0):
    - google-cast-sdk-no-bluetooth/Core (= 4.8.0)
    - Protobuf (~> 3.13)
  - google-cast-sdk-no-bluetooth/Core (4.8.0):
    - Protobuf (~> 3.13)
  - Protobuf (3.29.6)

DEPENDENCIES:
  - google-cast-sdk-no-bluetooth

SPEC REPOS:
  trunk:
    - google-cast-sdk-no-bluetooth
    - Protobuf

SPEC CHECKSUMS:
  google-cast-sdk-no-bluetooth: 23206cb79029beaeb610a93559f2ff4f65255797
  Protobuf: 8d5596f7468be5400861a6bbfb2dfe9d0d1cde34

PODFILE CHECKSUM: 83c4a79662b277e9f5cadd3233a90050e6ed59c1

COCOAPODS: 1.16.2
