// !$*UTF8*$!
{
	archiveVersion = 1;
	classes = {
	};
	objectVersion = 77;
	objects = {

/* Begin PBXBuildFile section */
		000A4A7BFF25A66945137BB3 /* DeviceInfo.swift in Sources */ = {isa = PBXBuildFile; fileRef = 62C0C151EAA6394D32003217 /* DeviceInfo.swift */; };
		A133DDDD4444DDDD4444DDDD /* MPMediaItemArtworkShim.m in Sources */ = {isa = PBXBuildFile; fileRef = A111BBBB2222BBBB2222BBBB /* MPMediaItemArtworkShim.m */; };
		07E14C8EB5000227467B6BA9 /* RecordProgramSheet.swift in Sources */ = {isa = PBXBuildFile; fileRef = 7DA867EB45CC3896632152B6 /* RecordProgramSheet.swift */; };
		F11A12EB07CB46158E23B73E /* ProgramInfoView.swift in Sources */ = {isa = PBXBuildFile; fileRef = E7BA4153D0B047D0BF40ACEE /* ProgramInfoView.swift */; };
		0823BE6E3373A83D3FEBC32F /* Components.swift in Sources */ = {isa = PBXBuildFile; fileRef = 7D1DD47CBF4B1FE912B0AF08 /* Components.swift */; };
		0A23BE6E3373A83D3FEBC001 /* ManageGroupsSheet.swift in Sources */ = {isa = PBXBuildFile; fileRef = 7A1DD47CBF4B1FE912B0A001 /* ManageGroupsSheet.swift */; };
		1083DB8B620ABAC3ECAB3823 /* Models.swift in Sources */ = {isa = PBXBuildFile; fileRef = 875B0901B53C33B024AF597F /* Models.swift */; };
		10D8764EE31D09E18D0C2CFB /* AddServerView.swift in Sources */ = {isa = PBXBuildFile; fileRef = CC1061A736638618318B7F00 /* AddServerView.swift */; };
		10D8764EE31D09E18D0C2CFC /* ServerSyncView.swift in Sources */ = {isa = PBXBuildFile; fileRef = CC1061A736638618318B7F01 /* ServerSyncView.swift */; };
		11120119C5A64353490041AC /* Assets.xcassets in Resources */ = {isa = PBXBuildFile; fileRef = 5806A5B948B604B451A5F5C7 /* Assets.xcassets */; };
		115F4DEA73DE0C5C49817C04 /* RecordProgramSheet.swift in Sources */ = {isa = PBXBuildFile; fileRef = 7DA867EB45CC3896632152B6 /* RecordProgramSheet.swift */; };
		B997EA931623455C8A931F29 /* ProgramInfoView.swift in Sources */ = {isa = PBXBuildFile; fileRef = E7BA4153D0B047D0BF40ACEE /* ProgramInfoView.swift */; };
		134BBEA37092BE9ED06DE967 /* PlayerView.swift in Sources */ = {isa = PBXBuildFile; fileRef = CE7BE368EE5FEB9A71732DC5 /* PlayerView.swift */; };
		1868ADFE12C568F8FC5FED53 /* StreamingAPIs.swift in Sources */ = {isa = PBXBuildFile; fileRef = 693A71F4A4429F56337992E6 /* StreamingAPIs.swift */; };
		19AE345D39FB441F217ABCE7 /* PlaylistParsers.swift in Sources */ = {isa = PBXBuildFile; fileRef = 57B139E212EB25D7559B5A0C /* PlaylistParsers.swift */; };
		1A29B8D23EC903A18C3B3E89 /* TVServices.framework in Frameworks */ = {isa = PBXBuildFile; fileRef = 628C021FBBB1C5C00F6640EA /* TVServices.framework */; };
		1D11DF914E50BF1810089A1E /* XtreamSeriesAPI.swift in Sources */ = {isa = PBXBuildFile; fileRef = 6F9F2E0DF2867ED959950125 /* XtreamSeriesAPI.swift */; };
		1EB4A645E88DDFE6F211ADA4 /* Pods-Aerio_iOS-acknowledgements.markdown in Resources */ = {isa = PBXBuildFile; fileRef = 8FEC2B12EB3FCB8C13AD3FD1 /* Pods-Aerio_iOS-acknowledgements.markdown */; };
		1FF8FD4B1DD11EAE3F154767 /* MoviesView.swift in Sources */ = {isa = PBXBuildFile; fileRef = BF6E46AD7A6F742E358FBB43 /* MoviesView.swift */; };
		20FAAE7F6DB7B9506F08F8E7 /* Pods-Aerio_iOS-dummy.m in Sources */ = {isa = PBXBuildFile; fileRef = 46BC9C3B09ACE5A89FC5C0E9 /* Pods-Aerio_iOS-dummy.m */; };
		23CF3BDA1A62692EC1141F06 /* AerioTopShelf.appex in Embed App Extensions */ = {isa = PBXBuildFile; fileRef = 980F01E6377A91F10236C4D5 /* AerioTopShelf.appex */; settings = {ATTRIBUTES = (RemoveHeadersOnCopy, ); }; };
		2527936283FB11BD5201E1DA /* Pods.xcodeproj in Resources */ = {isa = PBXBuildFile; fileRef = 2AF171D5A7722CF07BDE9B48 /* Pods.xcodeproj */; };
		27D98B92D7EF236E6D5C868D /* RecordingCoordinator.swift in Sources */ = {isa = PBXBuildFile; fileRef = EDDCE00B1213614CFF8EFF4D /* RecordingCoordinator.swift */; };
		B1C2D3E4F5A67890ACE00001 /* AudioSessionRefCount.swift in Sources */ = {isa = PBXBuildFile; fileRef = B1C2D3E4F5A67890ACE00003 /* AudioSessionRefCount.swift */; };
		B1C2D3E4F5A67890ACE0A002 /* RemoteInputLogger.swift in Sources */ = {isa = PBXBuildFile; fileRef = B1C2D3E4F5A67890ACE0A001 /* RemoteInputLogger.swift */; };
		B1C2D3E4F5A67890ACE00004 /* IdleTimerRefCount.swift in Sources */ = {isa = PBXBuildFile; fileRef = B1C2D3E4F5A67890ACE00006 /* IdleTimerRefCount.swift */; };
		B1C2D3E4F5A67890ACE00007 /* PlayerSession.swift in Sources */ = {isa = PBXBuildFile; fileRef = B1C2D3E4F5A67890ACE00009 /* PlayerSession.swift */; };
		B1C2D3E4F5A67890ACE0000A /* MultiviewTile.swift in Sources */ = {isa = PBXBuildFile; fileRef = B1C2D3E4F5A67890ACE0000C /* MultiviewTile.swift */; };
		B1C2D3E4F5A67890ACE0000D /* MultiviewStore.swift in Sources */ = {isa = PBXBuildFile; fileRef = B1C2D3E4F5A67890ACE0000F /* MultiviewStore.swift */; };
		B1C2D3E4F5A67890ACE00011 /* MultiviewGridMath.swift in Sources */ = {isa = PBXBuildFile; fileRef = B1C2D3E4F5A67890ACE00013 /* MultiviewGridMath.swift */; };
		B1C2D3E4F5A67890ACE00014 /* MultiviewLayoutView.swift in Sources */ = {isa = PBXBuildFile; fileRef = B1C2D3E4F5A67890ACE00016 /* MultiviewLayoutView.swift */; };
		B1C2D3E4F5A67890ACE00017 /* MultiviewTransportBar.swift in Sources */ = {isa = PBXBuildFile; fileRef = B1C2D3E4F5A67890ACE00019 /* MultiviewTransportBar.swift */; };
		B1C2D3E4F5A67890ACE0001A /* MultiviewTileView.swift in Sources */ = {isa = PBXBuildFile; fileRef = B1C2D3E4F5A67890ACE0001C /* MultiviewTileView.swift */; };
		B1C2D3E4F5A67890ACE0001D /* MultiviewContainerView.swift in Sources */ = {isa = PBXBuildFile; fileRef = B1C2D3E4F5A67890ACE0001F /* MultiviewContainerView.swift */; };
		B1C2D3E4F5A67890ACE00020 /* RecentChannelsStore.swift in Sources */ = {isa = PBXBuildFile; fileRef = B1C2D3E4F5A67890ACE00022 /* RecentChannelsStore.swift */; };
		B1C2D3E4F5A67890ACE00023 /* CompactChannelRow.swift in Sources */ = {isa = PBXBuildFile; fileRef = B1C2D3E4F5A67890ACE00025 /* CompactChannelRow.swift */; };
		WHATSNEW00000000000ACE001 /* WhatsNew.swift in Sources */ = {isa = PBXBuildFile; fileRef = WHATSNEW00000000000ACE000 /* WhatsNew.swift */; };
		WHATSNEW00000000000ACE002 /* WhatsNew.swift in Sources */ = {isa = PBXBuildFile; fileRef = WHATSNEW00000000000ACE000 /* WhatsNew.swift */; };
		B1C2D3E4F5A67890ACE00026 /* AddToMultiviewSheet.swift in Sources */ = {isa = PBXBuildFile; fileRef = B1C2D3E4F5A67890ACE00028 /* AddToMultiviewSheet.swift */; };
		B1C2D3E4F5A67890ACE00029 /* MultiviewCommands.swift in Sources */ = {isa = PBXBuildFile; fileRef = B1C2D3E4F5A67890ACE0002B /* MultiviewCommands.swift */; };
		B1C2D3E4F5A67890ACE0002C /* ProcessMetrics.swift in Sources */ = {isa = PBXBuildFile; fileRef = B1C2D3E4F5A67890ACE0002E /* ProcessMetrics.swift */; };
		B1C2D3E4F5A67890ACE0002F /* PlaybackDiagnostics.swift in Sources */ = {isa = PBXBuildFile; fileRef = B1C2D3E4F5A67890ACE00031 /* PlaybackDiagnostics.swift */; };
		B1C2D3E4F5A67890ACE00032 /* PlaybackChromeOverlay.swift in Sources */ = {isa = PBXBuildFile; fileRef = B1C2D3E4F5A67890ACE00034 /* PlaybackChromeOverlay.swift */; };
		B1C2D3E4F5A67890ACE00B01 /* CategoryColor.swift in Sources */ = {isa = PBXBuildFile; fileRef = B1C2D3E4F5A67890ACE00B03 /* CategoryColor.swift */; };
		A1B2C3D4E5F67890CAFE0001 /* TVPressGesture.swift in Sources */ = {isa = PBXBuildFile; fileRef = A1B2C3D4E5F67890CAFE0003 /* TVPressGesture.swift */; };
		294AE2B45D4A82E38B1D09C4 /* Aerio.xcworkspace in Resources */ = {isa = PBXBuildFile; fileRef = TEMP_93A8788A-B3FC-4682-A311-70E1AC4EB5A0 /* Aerio.xcworkspace */; };
		29753AC438E1C47769F2874E /* LocalRecordingSession.swift in Sources */ = {isa = PBXBuildFile; fileRef = B1124AFB90B57F17E01204AA /* LocalRecordingSession.swift */; };
		2B56157F30BF5B5840F399B1 /* DVRSettingsView.swift in Sources */ = {isa = PBXBuildFile; fileRef = 0F8881E8167215B8659F5BB1 /* DVRSettingsView.swift */; };
		B1AABBCC2DD3EE4FF5006001 /* MultiviewSettingsView.swift in Sources */ = {isa = PBXBuildFile; fileRef = A1BB2C3D4E5F60789ABCDEF1 /* MultiviewSettingsView.swift */; };
		B1AABBCC2DD3EE4FF5006002 /* MultiviewSettingsView.swift in Sources */ = {isa = PBXBuildFile; fileRef = A1BB2C3D4E5F60789ABCDEF1 /* MultiviewSettingsView.swift */; };
		2DD98124C6F98D06EFED419A /* SettingsView.swift in Sources */ = {isa = PBXBuildFile; fileRef = 9C5D08BD1430E78C26390734 /* SettingsView.swift */; };
		30FA1CA916C8DDE2001C592F /* Models.swift in Sources */ = {isa = PBXBuildFile; fileRef = 875B0901B53C33B024AF597F /* Models.swift */; };
		315EA1921B10CD36DE7A8A1F /* Pods-Aerio_iOS-Info.plist in Resources */ = {isa = PBXBuildFile; fileRef = 8EEF8CE5358378E2CF3F4012 /* Pods-Aerio_iOS-Info.plist */; };
		3349C24B50E8CC1C902B358F /* XtreamSeriesAPI.swift in Sources */ = {isa = PBXBuildFile; fileRef = 6F9F2E0DF2867ED959950125 /* XtreamSeriesAPI.swift */; };
		349A1C11393E9A07EDE93974 /* ServerConnectionViewModel.swift in Sources */ = {isa = PBXBuildFile; fileRef = F356BF2199707EDA1DCD6308 /* ServerConnectionViewModel.swift */; };
		353CD0D32CB0D6B2998B1AD4 /* VODDetailView.swift in Sources */ = {isa = PBXBuildFile; fileRef = 20C769771A1085A303FFC0F0 /* VODDetailView.swift */; };
		36B1927A52630A63A061D530 /* Pods-Aerio_iOS-acknowledgements.plist in Resources */ = {isa = PBXBuildFile; fileRef = 5813F2DEADFF09175AADA42D /* Pods-Aerio_iOS-acknowledgements.plist */; };
		38A0E8B8ABBD862D5012AB52 /* DVRSettingsView.swift in Sources */ = {isa = PBXBuildFile; fileRef = 0F8881E8167215B8659F5BB1 /* DVRSettingsView.swift */; };
		3A694D00B8E5469ADCD3D120 /* HomeView.swift in Sources */ = {isa = PBXBuildFile; fileRef = 5957CC8A6CC0000B14ED47C5 /* HomeView.swift */; };
		483F98D5B841C7C3E8491885 /* Pods_Aerio_tvOS.framework in Frameworks */ = {isa = PBXBuildFile; fileRef = 24C772C96083DF7C60C170B6 /* Pods_Aerio_tvOS.framework */; };
		5585996EF79BB170CAD2D6F3 /* Podfile.lock in Resources */ = {isa = PBXBuildFile; fileRef = TEMP_EAAD0E1C-0C7B-498B-B3D7-2FBDAAD805A1 /* Podfile.lock */; };
		565A7DFCEC12544455827DB3 /* ReminderManager.swift in Sources */ = {isa = PBXBuildFile; fileRef = 265A7DFCEC12544455827DB3 /* ReminderManager.swift */; };
		58753215820D219D87D24402 /* WelcomeView.swift in Sources */ = {isa = PBXBuildFile; fileRef = 4D65D8707C8FA1760DCE6708 /* WelcomeView.swift */; };
		5A8B2C3D1E5F607892AA4B5C /* KeychainHelper.swift in Sources */ = {isa = PBXBuildFile; fileRef = 4A8B2C3D1E5F607892AA4B5C /* KeychainHelper.swift */; };
		5B9C3D4E2F6A718903BB5C6D /* SyncManager.swift in Sources */ = {isa = PBXBuildFile; fileRef = 4B9C3D4E2F6A718903BB5C6D /* SyncManager.swift */; };
		5DC1FF775CB2D3D2917F5D4A /* MediaServerAPIs.swift in Sources */ = {isa = PBXBuildFile; fileRef = 9CCC4F9DC3019E15FB84C5DC /* MediaServerAPIs.swift */; };
		61F895DEB15DE1F7C3EACD17 /* PlaylistModels.swift in Sources */ = {isa = PBXBuildFile; fileRef = EA33B18A62A3411B6425B661 /* PlaylistModels.swift */; };
		622B003E0D0A155E9FE7D9B7 /* PlaylistParsers.swift in Sources */ = {isa = PBXBuildFile; fileRef = 57B139E212EB25D7559B5A0C /* PlaylistParsers.swift */; };
		62AD11B70BF6B745FD727C8B /* AerioSplash.mp4 in Resources */ = {isa = PBXBuildFile; fileRef = 880CEF808ABBA8AD9BC13BEC /* AerioSplash.mp4 */; };
		6308BAE1E16965A379092AE8 /* OnDemandView.swift in Sources */ = {isa = PBXBuildFile; fileRef = 8CBF1B5E89BE18F8E73482B9 /* OnDemandView.swift */; };
		65A50DB238B2354D5B81DE09 /* Aerio.xcworkspace in Resources */ = {isa = PBXBuildFile; fileRef = TEMP_93A8788A-B3FC-4682-A311-70E1AC4EB5A0 /* Aerio.xcworkspace */; };
		665A7DFCEC12544455827DB3 /* ReminderManager.swift in Sources */ = {isa = PBXBuildFile; fileRef = 265A7DFCEC12544455827DB3 /* ReminderManager.swift */; };
		6A8B2C3D1E5F607892AA4B5C /* KeychainHelper.swift in Sources */ = {isa = PBXBuildFile; fileRef = 4A8B2C3D1E5F607892AA4B5C /* KeychainHelper.swift */; };
		6AFEBD1C481F02C363B48866 /* Manifest.lock in Resources */ = {isa = PBXBuildFile; fileRef = C8918F8C279C6028AA7BC86D /* Manifest.lock */; };
		6B91E10A20F4B86799998C43 /* AppearanceSettingsView.swift in Sources */ = {isa = PBXBuildFile; fileRef = 2C791BC8B23CD3EAA3E65BE1 /* AppearanceSettingsView.swift */; };
		6B9C3D4E2F6A718903BB5C6D /* SyncManager.swift in Sources */ = {isa = PBXBuildFile; fileRef = 4B9C3D4E2F6A718903BB5C6D /* SyncManager.swift */; };
		6BA60E4727C61B8943535F4E /* Typography.swift in Sources */ = {isa = PBXBuildFile; fileRef = E11C8C5B56FBF497EF66CA96 /* Typography.swift */; };
		7134A5E98E9415DF4789626B /* ChannelListView.swift in Sources */ = {isa = PBXBuildFile; fileRef = 94C2469FCAE37105952DCC28 /* ChannelListView.swift */; };
		737FB562438624E3BF547904 /* Colors.swift in Sources */ = {isa = PBXBuildFile; fileRef = C384E19782307C7D03F8F60B /* Colors.swift */; };
		73FE0EA560BD116D4301EB8D /* Colors.swift in Sources */ = {isa = PBXBuildFile; fileRef = C384E19782307C7D03F8F60B /* Colors.swift */; };
		76842216BD4822B7380FDF05 /* TVShowsView.swift in Sources */ = {isa = PBXBuildFile; fileRef = D833EF1D35443BFAEE1480B5 /* TVShowsView.swift */; };
		788D987295F9672EFA03E102 /* Pods.xcodeproj in Resources */ = {isa = PBXBuildFile; fileRef = 2AF171D5A7722CF07BDE9B48 /* Pods.xcodeproj */; };
		7A7218D999F2EBB150A606A1 /* ReminderBannerView.swift in Sources */ = {isa = PBXBuildFile; fileRef = F6123CC8F10ADF7063AE0E97 /* ReminderBannerView.swift */; };
		7CFFD573C287B60F267445BD /* PlaylistImportViews.swift in Sources */ = {isa = PBXBuildFile; fileRef = B5CEFA9081ED5FC944CB0895 /* PlaylistImportViews.swift */; };
		7D775CD7B45EE60B92377A6F /* HomeView.swift in Sources */ = {isa = PBXBuildFile; fileRef = 5957CC8A6CC0000B14ED47C5 /* HomeView.swift */; };
		8021E4CA54981EDD0F04AE72 /* SplashView.swift in Sources */ = {isa = PBXBuildFile; fileRef = 5044B9CD69C05A6836588548 /* SplashView.swift */; };
		81212E73B4BFE131270C2907 /* Pods_Aerio_iOS.framework in Frameworks */ = {isa = PBXBuildFile; fileRef = 0E2CA9C8C9A444D2FA2C29DC /* Pods_Aerio_iOS.framework */; };
		81A5CE2643A02F7A26B2B5CF /* AddServerView.swift in Sources */ = {isa = PBXBuildFile; fileRef = CC1061A736638618318B7F00 /* AddServerView.swift */; };
		81A5CE2643A02F7A26B2B5D0 /* ServerSyncView.swift in Sources */ = {isa = PBXBuildFile; fileRef = CC1061A736638618318B7F01 /* ServerSyncView.swift */; };
		84338D2727DB3CF6EF963AD3 /* MyRecordingsView.swift in Sources */ = {isa = PBXBuildFile; fileRef = D60A8F073408CAFD075C499C /* MyRecordingsView.swift */; };
		84D478A2A84F9A8A2FEE8EA4 /* PlaylistModels.swift in Sources */ = {isa = PBXBuildFile; fileRef = EA33B18A62A3411B6425B661 /* PlaylistModels.swift */; };
		85F0D65172F55DFA1D3DA20B /* Pods-Aerio_iOS-frameworks.sh in Resources */ = {isa = PBXBuildFile; fileRef = CF54ACE468E89E4259601D31 /* Pods-Aerio_iOS-frameworks.sh */; };
		867C07594A685FB5BDCA5BB3 /* SplashView.swift in Sources */ = {isa = PBXBuildFile; fileRef = 5044B9CD69C05A6836588548 /* SplashView.swift */; };
		87062C2D2515CB8999B9C4E6 /* Assets.xcassets in Resources */ = {isa = PBXBuildFile; fileRef = 5806A5B948B604B451A5F5C7 /* Assets.xcassets */; };
		8AC25DFB7121C1AEBCE36729 /* ThemeManager.swift in Sources */ = {isa = PBXBuildFile; fileRef = 6E223D01D7BBD84EAD449D43 /* ThemeManager.swift */; };
		8B904D93666027F576A836E1 /* RecordingCoordinator.swift in Sources */ = {isa = PBXBuildFile; fileRef = EDDCE00B1213614CFF8EFF4D /* RecordingCoordinator.swift */; };
		B1C2D3E4F5A67890ACE00002 /* AudioSessionRefCount.swift in Sources */ = {isa = PBXBuildFile; fileRef = B1C2D3E4F5A67890ACE00003 /* AudioSessionRefCount.swift */; };
		B1C2D3E4F5A67890ACE0A003 /* RemoteInputLogger.swift in Sources */ = {isa = PBXBuildFile; fileRef = B1C2D3E4F5A67890ACE0A001 /* RemoteInputLogger.swift */; };
		B1C2D3E4F5A67890ACE00005 /* IdleTimerRefCount.swift in Sources */ = {isa = PBXBuildFile; fileRef = B1C2D3E4F5A67890ACE00006 /* IdleTimerRefCount.swift */; };
		B1C2D3E4F5A67890ACE00008 /* PlayerSession.swift in Sources */ = {isa = PBXBuildFile; fileRef = B1C2D3E4F5A67890ACE00009 /* PlayerSession.swift */; };
		B1C2D3E4F5A67890ACE0000B /* MultiviewTile.swift in Sources */ = {isa = PBXBuildFile; fileRef = B1C2D3E4F5A67890ACE0000C /* MultiviewTile.swift */; };
		B1C2D3E4F5A67890ACE0000E /* MultiviewStore.swift in Sources */ = {isa = PBXBuildFile; fileRef = B1C2D3E4F5A67890ACE0000F /* MultiviewStore.swift */; };
		B1C2D3E4F5A67890ACE00012 /* MultiviewGridMath.swift in Sources */ = {isa = PBXBuildFile; fileRef = B1C2D3E4F5A67890ACE00013 /* MultiviewGridMath.swift */; };
		B1C2D3E4F5A67890ACE00015 /* MultiviewLayoutView.swift in Sources */ = {isa = PBXBuildFile; fileRef = B1C2D3E4F5A67890ACE00016 /* MultiviewLayoutView.swift */; };
		B1C2D3E4F5A67890ACE00018 /* MultiviewTransportBar.swift in Sources */ = {isa = PBXBuildFile; fileRef = B1C2D3E4F5A67890ACE00019 /* MultiviewTransportBar.swift */; };
		B1C2D3E4F5A67890ACE0001B /* MultiviewTileView.swift in Sources */ = {isa = PBXBuildFile; fileRef = B1C2D3E4F5A67890ACE0001C /* MultiviewTileView.swift */; };
		B1C2D3E4F5A67890ACE0001E /* MultiviewContainerView.swift in Sources */ = {isa = PBXBuildFile; fileRef = B1C2D3E4F5A67890ACE0001F /* MultiviewContainerView.swift */; };
		B1C2D3E4F5A67890ACE00021 /* RecentChannelsStore.swift in Sources */ = {isa = PBXBuildFile; fileRef = B1C2D3E4F5A67890ACE00022 /* RecentChannelsStore.swift */; };
		B1C2D3E4F5A67890ACE00024 /* CompactChannelRow.swift in Sources */ = {isa = PBXBuildFile; fileRef = B1C2D3E4F5A67890ACE00025 /* CompactChannelRow.swift */; };
		B1C2D3E4F5A67890ACE00027 /* AddToMultiviewSheet.swift in Sources */ = {isa = PBXBuildFile; fileRef = B1C2D3E4F5A67890ACE00028 /* AddToMultiviewSheet.swift */; };
		B1C2D3E4F5A67890ACE0002A /* MultiviewCommands.swift in Sources */ = {isa = PBXBuildFile; fileRef = B1C2D3E4F5A67890ACE0002B /* MultiviewCommands.swift */; };
		B1C2D3E4F5A67890ACE0002D /* ProcessMetrics.swift in Sources */ = {isa = PBXBuildFile; fileRef = B1C2D3E4F5A67890ACE0002E /* ProcessMetrics.swift */; };
		B1C2D3E4F5A67890ACE00030 /* PlaybackDiagnostics.swift in Sources */ = {isa = PBXBuildFile; fileRef = B1C2D3E4F5A67890ACE00031 /* PlaybackDiagnostics.swift */; };
		B1C2D3E4F5A67890ACE00033 /* PlaybackChromeOverlay.swift in Sources */ = {isa = PBXBuildFile; fileRef = B1C2D3E4F5A67890ACE00034 /* PlaybackChromeOverlay.swift */; };
		B1C2D3E4F5A67890ACE00B02 /* CategoryColor.swift in Sources */ = {isa = PBXBuildFile; fileRef = B1C2D3E4F5A67890ACE00B03 /* CategoryColor.swift */; };
		A1B2C3D4E5F67890CAFE0002 /* TVPressGesture.swift in Sources */ = {isa = PBXBuildFile; fileRef = A1B2C3D4E5F67890CAFE0003 /* TVPressGesture.swift */; };
		8CF1E8A8912F0A98110ABF07 /* Pods-Aerio_iOS-acknowledgements.plist in Resources */ = {isa = PBXBuildFile; fileRef = 5813F2DEADFF09175AADA42D /* Pods-Aerio_iOS-acknowledgements.plist */; };
		8D2CF5152AE5713290F75C94 /* WelcomeView.swift in Sources */ = {isa = PBXBuildFile; fileRef = 4D65D8707C8FA1760DCE6708 /* WelcomeView.swift */; };
		8F5A030376AB114E38DAE4AD /* ReminderBannerView.swift in Sources */ = {isa = PBXBuildFile; fileRef = F6123CC8F10ADF7063AE0E97 /* ReminderBannerView.swift */; };
		97309F3B0C6B3769882EF361 /* VODDetailView.swift in Sources */ = {isa = PBXBuildFile; fileRef = 20C769771A1085A303FFC0F0 /* VODDetailView.swift */; };
		98B0C60D6099DEF55810D175 /* StreamingAPIs.swift in Sources */ = {isa = PBXBuildFile; fileRef = 693A71F4A4429F56337992E6 /* StreamingAPIs.swift */; };
		9D874ED59E97CB1D868F596D /* VODModels.swift in Sources */ = {isa = PBXBuildFile; fileRef = 2B5CE40DD6A5BBCBB943E551 /* VODModels.swift */; };
		9F9A37C29E5E186E323737C0 /* ChannelListView.swift in Sources */ = {isa = PBXBuildFile; fileRef = 94C2469FCAE37105952DCC28 /* ChannelListView.swift */; };
		A2B3C4D5E6F7A80901CD3456 /* EPGGuideView.swift in Sources */ = {isa = PBXBuildFile; fileRef = E1A2B3C4D5E6F70890AB1234 /* EPGGuideView.swift */; };
		A41AA69146981E08D85F8439 /* DeviceInfo.swift in Sources */ = {isa = PBXBuildFile; fileRef = 62C0C151EAA6394D32003217 /* DeviceInfo.swift */; };
		A4A40B2ADBF625F5928EF0C1 /* Pods-Aerio_iOS-dummy.m in Sources */ = {isa = PBXBuildFile; fileRef = 46BC9C3B09ACE5A89FC5C0E9 /* Pods-Aerio_iOS-dummy.m */; };
		A54DA5DC88870F51A2B370F7 /* MyRecordingsView.swift in Sources */ = {isa = PBXBuildFile; fileRef = D60A8F073408CAFD075C499C /* MyRecordingsView.swift */; };
		A8E322C238A7CE0B55BA3D4D /* AerioApp.swift in Sources */ = {isa = PBXBuildFile; fileRef = 08B4D4146C07D85405524861 /* AerioApp.swift */; };
		ACAEB60B5118B283BF99CF16 /* PlaylistImportViews.swift in Sources */ = {isa = PBXBuildFile; fileRef = B5CEFA9081ED5FC944CB0895 /* PlaylistImportViews.swift */; };
		AD422FFDD689840F76B8A238 /* MediaServerAPIs.swift in Sources */ = {isa = PBXBuildFile; fileRef = 9CCC4F9DC3019E15FB84C5DC /* MediaServerAPIs.swift */; };
		AE4174FB696D381DAADB8497 /* ContentProvider.swift in Sources */ = {isa = PBXBuildFile; fileRef = 29555D1D6559100DF82F2F8A /* ContentProvider.swift */; };
		AE465B6890F7B1F65AB0A6F4 /* Foundation.framework in Frameworks */ = {isa = PBXBuildFile; fileRef = A660E9D8B5D23C804B590C79 /* Foundation.framework */; };
		B0B4EE0F74D4863E74833446 /* LiquidGlass.swift in Sources */ = {isa = PBXBuildFile; fileRef = 941113ED14A0DAA1CB8B183B /* LiquidGlass.swift */; };
		B0C3B7E4FC02D61295E8FEA5 /* AppearanceSettingsView.swift in Sources */ = {isa = PBXBuildFile; fileRef = 2C791BC8B23CD3EAA3E65BE1 /* AppearanceSettingsView.swift */; };
		B5AE22380A5D13659655A5CD /* SearchView.swift in Sources */ = {isa = PBXBuildFile; fileRef = 00F4EE98C1564A7E3A5DD86B /* SearchView.swift */; };
		B743C668A35FABC8A1BECB16 /* VODModels.swift in Sources */ = {isa = PBXBuildFile; fileRef = 2B5CE40DD6A5BBCBB943E551 /* VODModels.swift */; };
		B747D3E4B7695FAF8CD9C557 /* Pods-Aerio_iOS-Info.plist in Resources */ = {isa = PBXBuildFile; fileRef = 8EEF8CE5358378E2CF3F4012 /* Pods-Aerio_iOS-Info.plist */; };
		B76CD4D353AB0D45EEF9F480 /* Typography.swift in Sources */ = {isa = PBXBuildFile; fileRef = E11C8C5B56FBF497EF66CA96 /* Typography.swift */; };
		BA33A33C572E086E61AA73AB /* VODService.swift in Sources */ = {isa = PBXBuildFile; fileRef = 4C548BC428D32F3966A46C27 /* VODService.swift */; };
		BC00C290CFD296C79CD18EB6 /* Pods-Aerio_iOS-frameworks.sh in Resources */ = {isa = PBXBuildFile; fileRef = CF54ACE468E89E4259601D31 /* Pods-Aerio_iOS-frameworks.sh */; };
		BDD64B832F76FD240055F82C /* MPVKit-GPL in Frameworks */ = {isa = PBXBuildFile; productRef = BDD64B822F76FD240055F82C /* MPVKit-GPL */; };
		BDD64B872F76FD890055F82C /* MPVKit-GPL in Frameworks */ = {isa = PBXBuildFile; productRef = BDD64B862F76FD890055F82C /* MPVKit-GPL */; };
		C02E4BB60A5E960696E8839B /* Pods-Aerio_iOS-acknowledgements.markdown in Resources */ = {isa = PBXBuildFile; fileRef = 8FEC2B12EB3FCB8C13AD3FD1 /* Pods-Aerio_iOS-acknowledgements.markdown */; };
		C9B3A9A8801BC79552C8D496 /* LiquidGlass.swift in Sources */ = {isa = PBXBuildFile; fileRef = 941113ED14A0DAA1CB8B183B /* LiquidGlass.swift */; };
		C9E28AF097D00D2A282673A5 /* AerioSplash.mp4 in Resources */ = {isa = PBXBuildFile; fileRef = 880CEF808ABBA8AD9BC13BEC /* AerioSplash.mp4 */; };
		C9E919E28B95CE15179BBCBD /* OnDemandView.swift in Sources */ = {isa = PBXBuildFile; fileRef = 8CBF1B5E89BE18F8E73482B9 /* OnDemandView.swift */; };
		CC1234567890ABCDEF123456 /* DebugLogger.swift in Sources */ = {isa = PBXBuildFile; fileRef = AA1234567890ABCDEF123456 /* DebugLogger.swift */; };
		CD1234567890ABCDEF123456 /* NowPlayingBridge.swift in Sources */ = {isa = PBXBuildFile; fileRef = AB1234567890ABCDEF123456 /* NowPlayingBridge.swift */; };
		CF38B25676730E71C9AD497A /* AerioApp.swift in Sources */ = {isa = PBXBuildFile; fileRef = 08B4D4146C07D85405524861 /* AerioApp.swift */; };
		D0C107746AE8D043B81554D2 /* ServerConnectionViewModel.swift in Sources */ = {isa = PBXBuildFile; fileRef = F356BF2199707EDA1DCD6308 /* ServerConnectionViewModel.swift */; };
		D50E5DFBD9787AC5568AD17A /* LocalRecordingSession.swift in Sources */ = {isa = PBXBuildFile; fileRef = B1124AFB90B57F17E01204AA /* LocalRecordingSession.swift */; };
		D707545F75A250B3657868F5 /* VODService.swift in Sources */ = {isa = PBXBuildFile; fileRef = 4C548BC428D32F3966A46C27 /* VODService.swift */; };
		D9B2C4CC2563512B2741AF83 /* TVShowsView.swift in Sources */ = {isa = PBXBuildFile; fileRef = D833EF1D35443BFAEE1480B5 /* TVShowsView.swift */; };
		DA8D78550B95A889171982BC /* MoviesView.swift in Sources */ = {isa = PBXBuildFile; fileRef = BF6E46AD7A6F742E358FBB43 /* MoviesView.swift */; };
		DB7474780DADD2D4B35AE071 /* SearchView.swift in Sources */ = {isa = PBXBuildFile; fileRef = 00F4EE98C1564A7E3A5DD86B /* SearchView.swift */; };
		DBFAE2F87043F12BE1728B6D /* Manifest.lock in Resources */ = {isa = PBXBuildFile; fileRef = C8918F8C279C6028AA7BC86D /* Manifest.lock */; };
		DD1234567890ABCDEF123456 /* DebugLogger.swift in Sources */ = {isa = PBXBuildFile; fileRef = AA1234567890ABCDEF123456 /* DebugLogger.swift */; };
		DE1234567890ABCDEF123456 /* NowPlayingBridge.swift in Sources */ = {isa = PBXBuildFile; fileRef = AB1234567890ABCDEF123456 /* NowPlayingBridge.swift */; };
		E7C08D85CEAB0B3D8E268FBA /* ThemeManager.swift in Sources */ = {isa = PBXBuildFile; fileRef = 6E223D01D7BBD84EAD449D43 /* ThemeManager.swift */; };
		EE1234567890ABCDEF123456 /* DeveloperSettingsView.swift in Sources */ = {isa = PBXBuildFile; fileRef = BB1234567890ABCDEF123456 /* DeveloperSettingsView.swift */; };
		EFE8847CEB70D953DD4D2BFB /* Podfile.lock in Resources */ = {isa = PBXBuildFile; fileRef = TEMP_EAAD0E1C-0C7B-498B-B3D7-2FBDAAD805A1 /* Podfile.lock */; };
		F00D3696D62D7C9EF6E05244 /* PlayerView.swift in Sources */ = {isa = PBXBuildFile; fileRef = CE7BE368EE5FEB9A71732DC5 /* PlayerView.swift */; };
		F1B2C3D4E5F6A70890BC2345 /* EPGGuideView.swift in Sources */ = {isa = PBXBuildFile; fileRef = E1A2B3C4D5E6F70890AB1234 /* EPGGuideView.swift */; };
		FA1AC2C2B4E0577B5456A002 /* ManageGroupsSheet.swift in Sources */ = {isa = PBXBuildFile; fileRef = 7A1DD47CBF4B1FE912B0A001 /* ManageGroupsSheet.swift */; };
		FD1AC2C2B4E0577B5456999F /* Components.swift in Sources */ = {isa = PBXBuildFile; fileRef = 7D1DD47CBF4B1FE912B0AF08 /* Components.swift */; };
		FD65778E5A378FA718D5D0E2 /* SettingsView.swift in Sources */ = {isa = PBXBuildFile; fileRef = 9C5D08BD1430E78C26390734 /* SettingsView.swift */; };
		FF1234567890ABCDEF123456 /* DeveloperSettingsView.swift in Sources */ = {isa = PBXBuildFile; fileRef = BB1234567890ABCDEF123456 /* DeveloperSettingsView.swift */; };
		MPV0000000000000000000002 /* MPVPlayerView.swift in Sources */ = {isa = PBXBuildFile; fileRef = MPV0000000000000000000001 /* MPVPlayerView.swift */; };
		MPV0000000000000000000003 /* MPVPlayerView.swift in Sources */ = {isa = PBXBuildFile; fileRef = MPV0000000000000000000001 /* MPVPlayerView.swift */; };
		2B3C4D5E6F708901ACE70010 /* NWHTTPClient.swift in Sources */ = {isa = PBXBuildFile; fileRef = 1A2B3C4D5E6F70891ACE7000 /* NWHTTPClient.swift */; };
		2B3C4D5E6F708901ACE70011 /* HTTPRouter.swift in Sources */ = {isa = PBXBuildFile; fileRef = 1A2B3C4D5E6F70891ACE7001 /* HTTPRouter.swift */; };
		3C4D5E6F70891012ACE70020 /* NWHTTPClient.swift in Sources */ = {isa = PBXBuildFile; fileRef = 1A2B3C4D5E6F70891ACE7000 /* NWHTTPClient.swift */; };
		3C4D5E6F70891012ACE70021 /* HTTPRouter.swift in Sources */ = {isa = PBXBuildFile; fileRef = 1A2B3C4D5E6F70891ACE7001 /* HTTPRouter.swift */; };
/* End PBXBuildFile section */

/* Begin PBXContainerItemProxy section */
		03C850CD4E7C1F922776F9EA /* PBXContainerItemProxy */ = {
			isa = PBXContainerItemProxy;
			containerPortal = FF7071163D6291891DEC5B95 /* Project object */;
			proxyType = 1;
			remoteGlobalIDString = A7FF9694565411B4791759AC;
			remoteInfo = AerioTopShelf;
		};
/* End PBXContainerItemProxy section */

/* Begin PBXCopyFilesBuildPhase section */
		7B2A520618A70CCBFEA93B87 /* Embed App Extensions */ = {
			isa = PBXCopyFilesBuildPhase;
			buildActionMask = 2147483647;
			dstPath = "";
			dstSubfolderSpec = 13;
			files = (
				23CF3BDA1A62692EC1141F06 /* AerioTopShelf.appex in Embed App Extensions */,
			);
			name = "Embed App Extensions";
			runOnlyForDeploymentPostprocessing = 0;
		};
/* End PBXCopyFilesBuildPhase section */

/* Begin PBXFileReference section */
		00F4EE98C1564A7E3A5DD86B /* SearchView.swift */ = {isa = PBXFileReference; lastKnownFileType = sourcecode.swift; path = SearchView.swift; sourceTree = "<group>"; };
		A1ECC0FF1ED1ABF1ED1ABF11 /* Aerio.xcconfig */ = {isa = PBXFileReference; lastKnownFileType = text.xcconfig; name = Aerio.xcconfig; path = Config/Aerio.xcconfig; sourceTree = "<group>"; };
		A100AAAA1111AAAA1111AAAA /* MPMediaItemArtworkShim.h */ = {isa = PBXFileReference; lastKnownFileType = sourcecode.c.h; path = MPMediaItemArtworkShim.h; sourceTree = "<group>"; };
		A111BBBB2222BBBB2222BBBB /* MPMediaItemArtworkShim.m */ = {isa = PBXFileReference; lastKnownFileType = sourcecode.c.objc; path = MPMediaItemArtworkShim.m; sourceTree = "<group>"; };
		A122CCCC3333CCCC3333CCCC /* Aerio-Bridging-Header.h */ = {isa = PBXFileReference; lastKnownFileType = sourcecode.c.h; path = "Aerio-Bridging-Header.h"; sourceTree = "<group>"; };
		03AB1BA15FC7FAB4754ECE75 /* Pods-Aerio_iOS-frameworks-Debug-output-files.xcfilelist */ = {isa = PBXFileReference; lastKnownFileType = text.xcfilelist; path = "Pods-Aerio_iOS-frameworks-Debug-output-files.xcfilelist"; sourceTree = "<group>"; };
		050594609247DACBBD411AAE /* Pods-Aerio_tvOS.release.xcconfig */ = {isa = PBXFileReference; includeInIndex = 1; lastKnownFileType = text.xcconfig; name = "Pods-Aerio_tvOS.release.xcconfig"; path = "Target Support Files/Pods-Aerio_tvOS/Pods-Aerio_tvOS.release.xcconfig"; sourceTree = "<group>"; };
		08B4D4146C07D85405524861 /* AerioApp.swift */ = {isa = PBXFileReference; lastKnownFileType = sourcecode.swift; path = AerioApp.swift; sourceTree = "<group>"; };
		0E2CA9C8C9A444D2FA2C29DC /* Pods_Aerio_iOS.framework */ = {isa = PBXFileReference; explicitFileType = wrapper.framework; includeInIndex = 0; path = Pods_Aerio_iOS.framework; sourceTree = BUILT_PRODUCTS_DIR; };
		0EEF62484815637B5043D834 /* Pods-Aerio_tvOS.debug.xcconfig */ = {isa = PBXFileReference; includeInIndex = 1; lastKnownFileType = text.xcconfig; name = "Pods-Aerio_tvOS.debug.xcconfig"; path = "Target Support Files/Pods-Aerio_tvOS/Pods-Aerio_tvOS.debug.xcconfig"; sourceTree = "<group>"; };
		0F8881E8167215B8659F5BB1 /* DVRSettingsView.swift */ = {isa = PBXFileReference; includeInIndex = 1; lastKnownFileType = sourcecode.swift; path = DVRSettingsView.swift; sourceTree = "<group>"; };
		A1BB2C3D4E5F60789ABCDEF1 /* MultiviewSettingsView.swift */ = {isa = PBXFileReference; includeInIndex = 1; lastKnownFileType = sourcecode.swift; path = MultiviewSettingsView.swift; sourceTree = "<group>"; };
		1603AF9E4D31DB8BDC708C06 /* Info.plist */ = {isa = PBXFileReference; lastKnownFileType = text.plist; path = Info.plist; sourceTree = "<group>"; };
		20C769771A1085A303FFC0F0 /* VODDetailView.swift */ = {isa = PBXFileReference; lastKnownFileType = sourcecode.swift; path = VODDetailView.swift; sourceTree = "<group>"; };
		24C772C96083DF7C60C170B6 /* Pods_Aerio_tvOS.framework */ = {isa = PBXFileReference; explicitFileType = wrapper.framework; includeInIndex = 0; path = Pods_Aerio_tvOS.framework; sourceTree = BUILT_PRODUCTS_DIR; };
		265A7DFCEC12544455827DB3 /* ReminderManager.swift */ = {isa = PBXFileReference; lastKnownFileType = sourcecode.swift; path = ReminderManager.swift; sourceTree = "<group>"; };
		270AC009FD8847D0E2E239BF /* Pods-Aerio_iOS.modulemap */ = {isa = PBXFileReference; lastKnownFileType = "sourcecode.module-map"; path = "Pods-Aerio_iOS.modulemap"; sourceTree = "<group>"; };
		29555D1D6559100DF82F2F8A /* ContentProvider.swift */ = {isa = PBXFileReference; includeInIndex = 1; lastKnownFileType = sourcecode.swift; name = ContentProvider.swift; path = TopShelfExtension/ContentProvider.swift; sourceTree = "<group>"; };
		2AF171D5A7722CF07BDE9B48 /* Pods.xcodeproj */ = {isa = PBXFileReference; lastKnownFileType = "wrapper.pb-project"; path = Pods.xcodeproj; sourceTree = "<group>"; };
		2B5CE40DD6A5BBCBB943E551 /* VODModels.swift */ = {isa = PBXFileReference; lastKnownFileType = sourcecode.swift; path = VODModels.swift; sourceTree = "<group>"; };
		2C791BC8B23CD3EAA3E65BE1 /* AppearanceSettingsView.swift */ = {isa = PBXFileReference; lastKnownFileType = sourcecode.swift; path = AppearanceSettingsView.swift; sourceTree = "<group>"; };
		337C9ADFE967736F023EB4CD /* MobileVLCKit-xcframeworks.sh */ = {isa = PBXFileReference; lastKnownFileType = text.script.sh; path = "MobileVLCKit-xcframeworks.sh"; sourceTree = "<group>"; };
		345AFFC1DACD873D07B6B7F1 /* Pods-Aerio_iOS.release.xcconfig */ = {isa = PBXFileReference; includeInIndex = 1; lastKnownFileType = text.xcconfig; name = "Pods-Aerio_iOS.release.xcconfig"; path = "Target Support Files/Pods-Aerio_iOS/Pods-Aerio_iOS.release.xcconfig"; sourceTree = "<group>"; };
		34855884259C4F1B016CF465 /* Pods-Aerio_iOS.debug.xcconfig */ = {isa = PBXFileReference; lastKnownFileType = text.xcconfig; path = "Pods-Aerio_iOS.debug.xcconfig"; sourceTree = "<group>"; };
		46BC9C3B09ACE5A89FC5C0E9 /* Pods-Aerio_iOS-dummy.m */ = {isa = PBXFileReference; lastKnownFileType = sourcecode.c.objc; path = "Pods-Aerio_iOS-dummy.m"; sourceTree = "<group>"; };
		4A8B2C3D1E5F607892AA4B5C /* KeychainHelper.swift */ = {isa = PBXFileReference; lastKnownFileType = sourcecode.swift; path = KeychainHelper.swift; sourceTree = "<group>"; };
		4B9C3D4E2F6A718903BB5C6D /* SyncManager.swift */ = {isa = PBXFileReference; lastKnownFileType = sourcecode.swift; path = SyncManager.swift; sourceTree = "<group>"; };
		4C548BC428D32F3966A46C27 /* VODService.swift */ = {isa = PBXFileReference; lastKnownFileType = sourcecode.swift; path = VODService.swift; sourceTree = "<group>"; };
		4D65D8707C8FA1760DCE6708 /* WelcomeView.swift */ = {isa = PBXFileReference; lastKnownFileType = sourcecode.swift; path = WelcomeView.swift; sourceTree = "<group>"; };
		5044B9CD69C05A6836588548 /* SplashView.swift */ = {isa = PBXFileReference; lastKnownFileType = sourcecode.swift; path = SplashView.swift; sourceTree = "<group>"; };
		57682A46B5DF82B13C9A906D /* Pods-Aerio_iOS-umbrella.h */ = {isa = PBXFileReference; lastKnownFileType = sourcecode.c.h; path = "Pods-Aerio_iOS-umbrella.h"; sourceTree = "<group>"; };
		57B139E212EB25D7559B5A0C /* PlaylistParsers.swift */ = {isa = PBXFileReference; lastKnownFileType = sourcecode.swift; path = PlaylistParsers.swift; sourceTree = "<group>"; };
		5806A5B948B604B451A5F5C7 /* Assets.xcassets */ = {isa = PBXFileReference; lastKnownFileType = folder.assetcatalog; path = Assets.xcassets; sourceTree = "<group>"; };
		5813F2DEADFF09175AADA42D /* Pods-Aerio_iOS-acknowledgements.plist */ = {isa = PBXFileReference; lastKnownFileType = text.plist; path = "Pods-Aerio_iOS-acknowledgements.plist"; sourceTree = "<group>"; };
		5957CC8A6CC0000B14ED47C5 /* HomeView.swift */ = {isa = PBXFileReference; lastKnownFileType = sourcecode.swift; path = HomeView.swift; sourceTree = "<group>"; };
		628C021FBBB1C5C00F6640EA /* TVServices.framework */ = {isa = PBXFileReference; lastKnownFileType = wrapper.framework; name = TVServices.framework; path = System/Library/Frameworks/TVServices.framework; sourceTree = SDKROOT; };
		62C0C151EAA6394D32003217 /* DeviceInfo.swift */ = {isa = PBXFileReference; includeInIndex = 1; lastKnownFileType = sourcecode.swift; path = DeviceInfo.swift; sourceTree = "<group>"; };
		693A71F4A4429F56337992E6 /* StreamingAPIs.swift */ = {isa = PBXFileReference; lastKnownFileType = sourcecode.swift; path = StreamingAPIs.swift; sourceTree = "<group>"; };
		6C96AEA17257AA77D4EBE291 /* Pods-Aerio_iOS-frameworks-Release-output-files.xcfilelist */ = {isa = PBXFileReference; lastKnownFileType = text.xcfilelist; path = "Pods-Aerio_iOS-frameworks-Release-output-files.xcfilelist"; sourceTree = "<group>"; };
		6E223D01D7BBD84EAD449D43 /* ThemeManager.swift */ = {isa = PBXFileReference; lastKnownFileType = sourcecode.swift; path = ThemeManager.swift; sourceTree = "<group>"; };
		6F9F2E0DF2867ED959950125 /* XtreamSeriesAPI.swift */ = {isa = PBXFileReference; lastKnownFileType = sourcecode.swift; path = XtreamSeriesAPI.swift; sourceTree = "<group>"; };
		7A1DD47CBF4B1FE912B0A001 /* ManageGroupsSheet.swift */ = {isa = PBXFileReference; lastKnownFileType = sourcecode.swift; path = ManageGroupsSheet.swift; sourceTree = "<group>"; };
		7CE1F656E39A506614FF4497 /* MobileVLCKit.debug.xcconfig */ = {isa = PBXFileReference; lastKnownFileType = text.xcconfig; path = MobileVLCKit.debug.xcconfig; sourceTree = "<group>"; };
		7D1DD47CBF4B1FE912B0AF08 /* Components.swift */ = {isa = PBXFileReference; lastKnownFileType = sourcecode.swift; path = Components.swift; sourceTree = "<group>"; };
		7DA867EB45CC3896632152B6 /* RecordProgramSheet.swift */ = {isa = PBXFileReference; includeInIndex = 1; lastKnownFileType = sourcecode.swift; path = RecordProgramSheet.swift; sourceTree = "<group>"; };
		E7BA4153D0B047D0BF40ACEE /* ProgramInfoView.swift */ = {isa = PBXFileReference; includeInIndex = 1; lastKnownFileType = sourcecode.swift; path = ProgramInfoView.swift; sourceTree = "<group>"; };
		8087BB36936B80A3234428C4 /* COPYING.txt */ = {isa = PBXFileReference; lastKnownFileType = text; path = COPYING.txt; sourceTree = "<group>"; };
		828A599894F381F7A78BFDF8 /* MobileVLCKit.xcframework */ = {isa = PBXFileReference; lastKnownFileType = wrapper.xcframework; path = MobileVLCKit.xcframework; sourceTree = "<group>"; };
		875B0901B53C33B024AF597F /* Models.swift */ = {isa = PBXFileReference; lastKnownFileType = sourcecode.swift; path = Models.swift; sourceTree = "<group>"; };
		880CEF808ABBA8AD9BC13BEC /* AerioSplash.mp4 */ = {isa = PBXFileReference; lastKnownFileType = file; path = AerioSplash.mp4; sourceTree = "<group>"; };
		888E14C889CF064825B5A29E /* AerioTopShelf.entitlements */ = {isa = PBXFileReference; includeInIndex = 1; lastKnownFileType = text.plist.entitlements; name = AerioTopShelf.entitlements; path = TopShelfExtension/AerioTopShelf.entitlements; sourceTree = "<group>"; };
		8CBF1B5E89BE18F8E73482B9 /* OnDemandView.swift */ = {isa = PBXFileReference; includeInIndex = 1; lastKnownFileType = sourcecode.swift; path = OnDemandView.swift; sourceTree = "<group>"; };
		8EEF8CE5358378E2CF3F4012 /* Pods-Aerio_iOS-Info.plist */ = {isa = PBXFileReference; lastKnownFileType = text.plist; path = "Pods-Aerio_iOS-Info.plist"; sourceTree = "<group>"; };
		8FEC2B12EB3FCB8C13AD3FD1 /* Pods-Aerio_iOS-acknowledgements.markdown */ = {isa = PBXFileReference; lastKnownFileType = net.daringfireball.markdown; path = "Pods-Aerio_iOS-acknowledgements.markdown"; sourceTree = "<group>"; };
		93EBE84BDC6A8A492E3AB851 /* MobileVLCKit-xcframeworks-input-files.xcfilelist */ = {isa = PBXFileReference; lastKnownFileType = text.xcfilelist; path = "MobileVLCKit-xcframeworks-input-files.xcfilelist"; sourceTree = "<group>"; };
		941113ED14A0DAA1CB8B183B /* LiquidGlass.swift */ = {isa = PBXFileReference; lastKnownFileType = sourcecode.swift; path = LiquidGlass.swift; sourceTree = "<group>"; };
		94C2469FCAE37105952DCC28 /* ChannelListView.swift */ = {isa = PBXFileReference; lastKnownFileType = sourcecode.swift; path = ChannelListView.swift; sourceTree = "<group>"; };
		980F01E6377A91F10236C4D5 /* AerioTopShelf.appex */ = {isa = PBXFileReference; explicitFileType = "wrapper.app-extension"; includeInIndex = 0; path = AerioTopShelf.appex; sourceTree = BUILT_PRODUCTS_DIR; };
		9C5D08BD1430E78C26390734 /* SettingsView.swift */ = {isa = PBXFileReference; lastKnownFileType = sourcecode.swift; path = SettingsView.swift; sourceTree = "<group>"; };
		9CCC4F9DC3019E15FB84C5DC /* MediaServerAPIs.swift */ = {isa = PBXFileReference; lastKnownFileType = sourcecode.swift; path = MediaServerAPIs.swift; sourceTree = "<group>"; };
		9F04B5935392FB0CFA0E58A0 /* MobileVLCKit.release.xcconfig */ = {isa = PBXFileReference; lastKnownFileType = text.xcconfig; path = MobileVLCKit.release.xcconfig; sourceTree = "<group>"; };
		A06F3C638088282A3C63BDA9 /* Pods-Aerio_iOS.release.xcconfig */ = {isa = PBXFileReference; lastKnownFileType = text.xcconfig; path = "Pods-Aerio_iOS.release.xcconfig"; sourceTree = "<group>"; };
		A1AB8E6203108C63D4696924 /* Aerio.app */ = {isa = PBXFileReference; explicitFileType = wrapper.application; includeInIndex = 0; path = Aerio.app; sourceTree = BUILT_PRODUCTS_DIR; };
		A2FD31E5C3E95D9CF2F53F4E /* Aerio.app */ = {isa = PBXFileReference; explicitFileType = wrapper.application; includeInIndex = 0; path = Aerio.app; sourceTree = BUILT_PRODUCTS_DIR; };
		A3F72C1B8E4D9A6200BC5D91 /* Aerio.entitlements */ = {isa = PBXFileReference; lastKnownFileType = text.plist.entitlements; path = Aerio.entitlements; sourceTree = "<group>"; };
		A660E9D8B5D23C804B590C79 /* Foundation.framework */ = {isa = PBXFileReference; lastKnownFileType = wrapper.framework; name = Foundation.framework; path = Platforms/AppleTVOS.platform/Developer/SDKs/AppleTVOS18.0.sdk/System/Library/Frameworks/Foundation.framework; sourceTree = DEVELOPER_DIR; };
		AA1234567890ABCDEF123456 /* DebugLogger.swift */ = {isa = PBXFileReference; lastKnownFileType = sourcecode.swift; path = DebugLogger.swift; sourceTree = "<group>"; };
		AB1234567890ABCDEF123456 /* NowPlayingBridge.swift */ = {isa = PBXFileReference; lastKnownFileType = sourcecode.swift; path = NowPlayingBridge.swift; sourceTree = "<group>"; };
		B1124AFB90B57F17E01204AA /* LocalRecordingSession.swift */ = {isa = PBXFileReference; includeInIndex = 1; lastKnownFileType = sourcecode.swift; path = LocalRecordingSession.swift; sourceTree = "<group>"; };
		B3B1522EE96446B1A667FDEB /* Pods-Aerio_iOS.debug.xcconfig */ = {isa = PBXFileReference; includeInIndex = 1; lastKnownFileType = text.xcconfig; name = "Pods-Aerio_iOS.debug.xcconfig"; path = "Target Support Files/Pods-Aerio_iOS/Pods-Aerio_iOS.debug.xcconfig"; sourceTree = "<group>"; };
		B5CEFA9081ED5FC944CB0895 /* PlaylistImportViews.swift */ = {isa = PBXFileReference; lastKnownFileType = sourcecode.swift; path = PlaylistImportViews.swift; sourceTree = "<group>"; };
		BB1234567890ABCDEF123456 /* DeveloperSettingsView.swift */ = {isa = PBXFileReference; lastKnownFileType = sourcecode.swift; path = DeveloperSettingsView.swift; sourceTree = "<group>"; };
		BD9D88342F84B8870005EA3D /* CarPlay.framework */ = {isa = PBXFileReference; lastKnownFileType = wrapper.framework; name = CarPlay.framework; path = Platforms/iPhoneOS.platform/Developer/SDKs/iPhoneOS26.4.sdk/System/Library/Frameworks/CarPlay.framework; sourceTree = DEVELOPER_DIR; };
		BDB64C242F6C5895008EF9EF /* Aerio_tvOS.entitlements */ = {isa = PBXFileReference; lastKnownFileType = text.plist.entitlements; path = Aerio_tvOS.entitlements; sourceTree = "<group>"; };
		BF6E46AD7A6F742E358FBB43 /* MoviesView.swift */ = {isa = PBXFileReference; lastKnownFileType = sourcecode.swift; path = MoviesView.swift; sourceTree = "<group>"; };
		C384E19782307C7D03F8F60B /* Colors.swift */ = {isa = PBXFileReference; lastKnownFileType = sourcecode.swift; path = Colors.swift; sourceTree = "<group>"; };
		C41DDA8474CA1A75D88D9E3C /* MobileVLCKit-xcframeworks-output-files.xcfilelist */ = {isa = PBXFileReference; lastKnownFileType = text.xcfilelist; path = "MobileVLCKit-xcframeworks-output-files.xcfilelist"; sourceTree = "<group>"; };
		C8918F8C279C6028AA7BC86D /* Manifest.lock */ = {isa = PBXFileReference; lastKnownFileType = text; path = Manifest.lock; sourceTree = "<group>"; };
		CC1061A736638618318B7F00 /* AddServerView.swift */ = {isa = PBXFileReference; lastKnownFileType = sourcecode.swift; path = AddServerView.swift; sourceTree = "<group>"; };
		CC1061A736638618318B7F01 /* ServerSyncView.swift */ = {isa = PBXFileReference; lastKnownFileType = sourcecode.swift; path = ServerSyncView.swift; sourceTree = "<group>"; };
		CE7BE368EE5FEB9A71732DC5 /* PlayerView.swift */ = {isa = PBXFileReference; lastKnownFileType = sourcecode.swift; path = PlayerView.swift; sourceTree = "<group>"; };
		CF54ACE468E89E4259601D31 /* Pods-Aerio_iOS-frameworks.sh */ = {isa = PBXFileReference; lastKnownFileType = text.script.sh; path = "Pods-Aerio_iOS-frameworks.sh"; sourceTree = "<group>"; };
		D60A8F073408CAFD075C499C /* MyRecordingsView.swift */ = {isa = PBXFileReference; includeInIndex = 1; lastKnownFileType = sourcecode.swift; path = MyRecordingsView.swift; sourceTree = "<group>"; };
		D699360A522DBC839FC6BA69 /* Pods-Aerio_iOS.release.xcconfig */ = {isa = PBXFileReference; includeInIndex = 1; lastKnownFileType = text.xcconfig; name = "Pods-Aerio_iOS.release.xcconfig"; path = "Target Support Files/Pods-Aerio_iOS/Pods-Aerio_iOS.release.xcconfig"; sourceTree = "<group>"; };
		D6A98EC87AA5F1A5CD0E5606 /* Info.plist */ = {isa = PBXFileReference; includeInIndex = 1; lastKnownFileType = text.plist.xml; name = Info.plist; path = TopShelfExtension/Info.plist; sourceTree = "<group>"; };
		D833EF1D35443BFAEE1480B5 /* TVShowsView.swift */ = {isa = PBXFileReference; lastKnownFileType = sourcecode.swift; path = TVShowsView.swift; sourceTree = "<group>"; };
		DFE1C126F93E5CECF7EFF80B /* Pods-Aerio_iOS.debug.xcconfig */ = {isa = PBXFileReference; includeInIndex = 1; lastKnownFileType = text.xcconfig; name = "Pods-Aerio_iOS.debug.xcconfig"; path = "Target Support Files/Pods-Aerio_iOS/Pods-Aerio_iOS.debug.xcconfig"; sourceTree = "<group>"; };
		E11C8C5B56FBF497EF66CA96 /* Typography.swift */ = {isa = PBXFileReference; lastKnownFileType = sourcecode.swift; path = Typography.swift; sourceTree = "<group>"; };
		E1A2B3C4D5E6F70890AB1234 /* EPGGuideView.swift */ = {isa = PBXFileReference; lastKnownFileType = sourcecode.swift; path = EPGGuideView.swift; sourceTree = "<group>"; };
		E71FA151241E7264059B0E3A /* Pods-Aerio_iOS-frameworks-Debug-input-files.xcfilelist */ = {isa = PBXFileReference; lastKnownFileType = text.xcfilelist; path = "Pods-Aerio_iOS-frameworks-Debug-input-files.xcfilelist"; sourceTree = "<group>"; };
		EA33B18A62A3411B6425B661 /* PlaylistModels.swift */ = {isa = PBXFileReference; lastKnownFileType = sourcecode.swift; path = PlaylistModels.swift; sourceTree = "<group>"; };
		EDDCE00B1213614CFF8EFF4D /* RecordingCoordinator.swift */ = {isa = PBXFileReference; includeInIndex = 1; lastKnownFileType = sourcecode.swift; path = RecordingCoordinator.swift; sourceTree = "<group>"; };
		B1C2D3E4F5A67890ACE00003 /* AudioSessionRefCount.swift */ = {isa = PBXFileReference; includeInIndex = 1; lastKnownFileType = sourcecode.swift; path = AudioSessionRefCount.swift; sourceTree = "<group>"; };
		B1C2D3E4F5A67890ACE0A001 /* RemoteInputLogger.swift */ = {isa = PBXFileReference; includeInIndex = 1; lastKnownFileType = sourcecode.swift; path = RemoteInputLogger.swift; sourceTree = "<group>"; };
		B1C2D3E4F5A67890ACE00006 /* IdleTimerRefCount.swift */ = {isa = PBXFileReference; includeInIndex = 1; lastKnownFileType = sourcecode.swift; path = IdleTimerRefCount.swift; sourceTree = "<group>"; };
		B1C2D3E4F5A67890ACE00009 /* PlayerSession.swift */ = {isa = PBXFileReference; includeInIndex = 1; lastKnownFileType = sourcecode.swift; path = PlayerSession.swift; sourceTree = "<group>"; };
		B1C2D3E4F5A67890ACE0000C /* MultiviewTile.swift */ = {isa = PBXFileReference; includeInIndex = 1; lastKnownFileType = sourcecode.swift; path = MultiviewTile.swift; sourceTree = "<group>"; };
		B1C2D3E4F5A67890ACE0000F /* MultiviewStore.swift */ = {isa = PBXFileReference; includeInIndex = 1; lastKnownFileType = sourcecode.swift; path = MultiviewStore.swift; sourceTree = "<group>"; };
		B1C2D3E4F5A67890ACE00013 /* MultiviewGridMath.swift */ = {isa = PBXFileReference; includeInIndex = 1; lastKnownFileType = sourcecode.swift; path = MultiviewGridMath.swift; sourceTree = "<group>"; };
		B1C2D3E4F5A67890ACE00016 /* MultiviewLayoutView.swift */ = {isa = PBXFileReference; includeInIndex = 1; lastKnownFileType = sourcecode.swift; path = MultiviewLayoutView.swift; sourceTree = "<group>"; };
		B1C2D3E4F5A67890ACE00019 /* MultiviewTransportBar.swift */ = {isa = PBXFileReference; includeInIndex = 1; lastKnownFileType = sourcecode.swift; path = MultiviewTransportBar.swift; sourceTree = "<group>"; };
		B1C2D3E4F5A67890ACE0001C /* MultiviewTileView.swift */ = {isa = PBXFileReference; includeInIndex = 1; lastKnownFileType = sourcecode.swift; path = MultiviewTileView.swift; sourceTree = "<group>"; };
		B1C2D3E4F5A67890ACE0001F /* MultiviewContainerView.swift */ = {isa = PBXFileReference; includeInIndex = 1; lastKnownFileType = sourcecode.swift; path = MultiviewContainerView.swift; sourceTree = "<group>"; };
		B1C2D3E4F5A67890ACE00022 /* RecentChannelsStore.swift */ = {isa = PBXFileReference; includeInIndex = 1; lastKnownFileType = sourcecode.swift; path = RecentChannelsStore.swift; sourceTree = "<group>"; };
		B1C2D3E4F5A67890ACE00025 /* CompactChannelRow.swift */ = {isa = PBXFileReference; includeInIndex = 1; lastKnownFileType = sourcecode.swift; path = CompactChannelRow.swift; sourceTree = "<group>"; };
		WHATSNEW00000000000ACE000 /* WhatsNew.swift */ = {isa = PBXFileReference; includeInIndex = 1; lastKnownFileType = sourcecode.swift; path = WhatsNew.swift; sourceTree = "<group>"; };
		B1C2D3E4F5A67890ACE00028 /* AddToMultiviewSheet.swift */ = {isa = PBXFileReference; includeInIndex = 1; lastKnownFileType = sourcecode.swift; path = AddToMultiviewSheet.swift; sourceTree = "<group>"; };
		B1C2D3E4F5A67890ACE0002B /* MultiviewCommands.swift */ = {isa = PBXFileReference; includeInIndex = 1; lastKnownFileType = sourcecode.swift; path = MultiviewCommands.swift; sourceTree = "<group>"; };
		B1C2D3E4F5A67890ACE0002E /* ProcessMetrics.swift */ = {isa = PBXFileReference; includeInIndex = 1; lastKnownFileType = sourcecode.swift; path = ProcessMetrics.swift; sourceTree = "<group>"; };
		B1C2D3E4F5A67890ACE00031 /* PlaybackDiagnostics.swift */ = {isa = PBXFileReference; includeInIndex = 1; lastKnownFileType = sourcecode.swift; path = PlaybackDiagnostics.swift; sourceTree = "<group>"; };
		B1C2D3E4F5A67890ACE00034 /* PlaybackChromeOverlay.swift */ = {isa = PBXFileReference; includeInIndex = 1; lastKnownFileType = sourcecode.swift; path = PlaybackChromeOverlay.swift; sourceTree = "<group>"; };
		B1C2D3E4F5A67890ACE00B03 /* CategoryColor.swift */ = {isa = PBXFileReference; includeInIndex = 1; lastKnownFileType = sourcecode.swift; path = CategoryColor.swift; sourceTree = "<group>"; };
		A1B2C3D4E5F67890CAFE0003 /* TVPressGesture.swift */ = {isa = PBXFileReference; includeInIndex = 1; lastKnownFileType = sourcecode.swift; path = TVPressGesture.swift; sourceTree = "<group>"; };
		F249D5C39D90BC11107F3420 /* Pods-Aerio_iOS-frameworks-Release-input-files.xcfilelist */ = {isa = PBXFileReference; lastKnownFileType = text.xcfilelist; path = "Pods-Aerio_iOS-frameworks-Release-input-files.xcfilelist"; sourceTree = "<group>"; };
		F356BF2199707EDA1DCD6308 /* ServerConnectionViewModel.swift */ = {isa = PBXFileReference; lastKnownFileType = sourcecode.swift; path = ServerConnectionViewModel.swift; sourceTree = "<group>"; };
		F6123CC8F10ADF7063AE0E97 /* ReminderBannerView.swift */ = {isa = PBXFileReference; includeInIndex = 1; lastKnownFileType = sourcecode.swift; name = ReminderBannerView.swift; path = Shared/ReminderBannerView.swift; sourceTree = SOURCE_ROOT; };
		MPV0000000000000000000001 /* MPVPlayerView.swift */ = {isa = PBXFileReference; lastKnownFileType = sourcecode.swift; path = MPVPlayerView.swift; sourceTree = "<group>"; };
		TEMP_93A8788A-B3FC-4682-A311-70E1AC4EB5A0 /* Aerio.xcworkspace */ = {isa = PBXFileReference; lastKnownFileType = wrapper.workspace; path = Aerio.xcworkspace; sourceTree = "<group>"; };
		TEMP_EAAD0E1C-0C7B-498B-B3D7-2FBDAAD805A1 /* Podfile.lock */ = {isa = PBXFileReference; lastKnownFileType = text; path = Podfile.lock; sourceTree = "<group>"; };
		1A2B3C4D5E6F70891ACE7000 /* NWHTTPClient.swift */ = {isa = PBXFileReference; lastKnownFileType = sourcecode.swift; path = NWHTTPClient.swift; sourceTree = "<group>"; };
		1A2B3C4D5E6F70891ACE7001 /* HTTPRouter.swift */ = {isa = PBXFileReference; lastKnownFileType = sourcecode.swift; path = HTTPRouter.swift; sourceTree = "<group>"; };
/* End PBXFileReference section */

/* Begin PBXFrameworksBuildPhase section */
		2519A83EA3E0217DB749D759 /* Frameworks */ = {
			isa = PBXFrameworksBuildPhase;
			buildActionMask = 2147483647;
			files = (
				AE465B6890F7B1F65AB0A6F4 /* Foundation.framework in Frameworks */,
				1A29B8D23EC903A18C3B3E89 /* TVServices.framework in Frameworks */,
			);
			runOnlyForDeploymentPostprocessing = 0;
		};
		5511B41648942BDE13D29B38 /* Frameworks */ = {
			isa = PBXFrameworksBuildPhase;
			buildActionMask = 2147483647;
			files = (
				BDD64B872F76FD890055F82C /* MPVKit-GPL in Frameworks */,
				483F98D5B841C7C3E8491885 /* Pods_Aerio_tvOS.framework in Frameworks */,
			);
			runOnlyForDeploymentPostprocessing = 0;
		};
		F6FC8EF44BA77AB5758D95F1 /* Frameworks */ = {
			isa = PBXFrameworksBuildPhase;
			buildActionMask = 2147483647;
			files = (
				BDD64B832F76FD240055F82C /* MPVKit-GPL in Frameworks */,
				81212E73B4BFE131270C2907 /* Pods_Aerio_iOS.framework in Frameworks */,
			);
			runOnlyForDeploymentPostprocessing = 0;
		};
/* End PBXFrameworksBuildPhase section */

/* Begin PBXGroup section */
		2E9487FE5F10365DAD5FCB23 /* LiveTV */ = {
			isa = PBXGroup;
			children = (
				94C2469FCAE37105952DCC28 /* ChannelListView.swift */,
				E1A2B3C4D5E6F70890AB1234 /* EPGGuideView.swift */,
				E7BA4153D0B047D0BF40ACEE /* ProgramInfoView.swift */,
				7DA867EB45CC3896632152B6 /* RecordProgramSheet.swift */,
			);
			path = LiveTV;
			sourceTree = "<group>";
		};
		3B7A0F9489A406AEC4BB302B /* Networking */ = {
			isa = PBXGroup;
			children = (
				9CCC4F9DC3019E15FB84C5DC /* MediaServerAPIs.swift */,
				57B139E212EB25D7559B5A0C /* PlaylistParsers.swift */,
				4C548BC428D32F3966A46C27 /* VODService.swift */,
				693A71F4A4429F56337992E6 /* StreamingAPIs.swift */,
				6F9F2E0DF2867ED959950125 /* XtreamSeriesAPI.swift */,
				1A2B3C4D5E6F70891ACE7000 /* NWHTTPClient.swift */,
				1A2B3C4D5E6F70891ACE7001 /* HTTPRouter.swift */,
			);
			path = Networking;
			sourceTree = "<group>";
		};
		4432D1DEAD99D32286CFADCA /* Features */ = {
			isa = PBXGroup;
			children = (
				D790E242FC19FAB9A2C4F61C /* Home */,
				2E9487FE5F10365DAD5FCB23 /* LiveTV */,
				B1C2D3E4F5A67890ACE00010 /* Multiview */,
				57D7DAFC5BB3E2B9267A64B6 /* Onboarding */,
				9F48CE336638568BB86DBFEA /* Search */,
				C649153244EE1ED5FDBD86C0 /* Settings */,
				C7AB555D4575EAB521484607 /* VOD */,
			);
			path = Features;
			sourceTree = "<group>";
		};
		4D5B125286008EFD60915C8C = {
			isa = PBXGroup;
			children = (
				A1ECC0FF1ED1ABF1ED1ABF11 /* Aerio.xcconfig */,
				BDB64C242F6C5895008EF9EF /* Aerio_tvOS.entitlements */,
				EBE4735039B8168FF0CF3C56 /* App */,
				61108F185BCC5513CF9CA164 /* Design */,
				4432D1DEAD99D32286CFADCA /* Features */,
				8F51395EA21012A33DC70238 /* Models */,
				3B7A0F9489A406AEC4BB302B /* Networking */,
				66DFFF6DB517C88633B97992 /* Pods */,
				FF2BFAF9459BFB3B8F20DCC8 /* Shared */,
				CEF9D73F9EB0F0D4192A7CEB /* SupportingFiles */,
				D35434453E2FAF35DC5DD5BE /* Products */,
				6EDC76ED96C2A9C1F65C68BF /* Frameworks */,
				BD5262EA2F6792080036371D /* Recovered References */,
				D7ACC20911B79B2CA659255A /* TopShelfExtension */,
			);
			sourceTree = "<group>";
		};
		57D7DAFC5BB3E2B9267A64B6 /* Onboarding */ = {
			isa = PBXGroup;
			children = (
				CC1061A736638618318B7F00 /* AddServerView.swift */,
				B5CEFA9081ED5FC944CB0895 /* PlaylistImportViews.swift */,
				CC1061A736638618318B7F01 /* ServerSyncView.swift */,
				4D65D8707C8FA1760DCE6708 /* WelcomeView.swift */,
			);
			path = Onboarding;
			sourceTree = "<group>";
		};
		61108F185BCC5513CF9CA164 /* Design */ = {
			isa = PBXGroup;
			children = (
				C384E19782307C7D03F8F60B /* Colors.swift */,
				941113ED14A0DAA1CB8B183B /* LiquidGlass.swift */,
				6E223D01D7BBD84EAD449D43 /* ThemeManager.swift */,
				E11C8C5B56FBF497EF66CA96 /* Typography.swift */,
				AB79E18D174F276F5183F063 /* Components */,
			);
			path = Design;
			sourceTree = "<group>";
		};
		66DFFF6DB517C88633B97992 /* Pods */ = {
			isa = PBXGroup;
			children = (
				C8918F8C279C6028AA7BC86D /* Manifest.lock */,
				2AF171D5A7722CF07BDE9B48 /* Pods.xcodeproj */,
				CB1BBB07B37F0658C83DB709 /* Headers */,
				C79313608AD62EA61EBB298A /* Local Podspecs */,
				6EC677A78FCBBE0DB3E4D425 /* MobileVLCKit */,
				BDAE6827A50D95C7A27E2721 /* Target Support Files */,
				DFE1C126F93E5CECF7EFF80B /* Pods-Aerio_iOS.debug.xcconfig */,
				345AFFC1DACD873D07B6B7F1 /* Pods-Aerio_iOS.release.xcconfig */,
				B3B1522EE96446B1A667FDEB /* Pods-Aerio_iOS.debug.xcconfig */,
				D699360A522DBC839FC6BA69 /* Pods-Aerio_iOS.release.xcconfig */,
				0EEF62484815637B5043D834 /* Pods-Aerio_tvOS.debug.xcconfig */,
				050594609247DACBBD411AAE /* Pods-Aerio_tvOS.release.xcconfig */,
			);
			path = Pods;
			sourceTree = "<group>";
		};
		68C828711A3654526E9E9D04 /* ViewModels */ = {
			isa = PBXGroup;
			children = (
				F356BF2199707EDA1DCD6308 /* ServerConnectionViewModel.swift */,
			);
			path = ViewModels;
			sourceTree = "<group>";
		};
		6EC677A78FCBBE0DB3E4D425 /* MobileVLCKit */ = {
			isa = PBXGroup;
			children = (
				8087BB36936B80A3234428C4 /* COPYING.txt */,
				828A599894F381F7A78BFDF8 /* MobileVLCKit.xcframework */,
			);
			path = MobileVLCKit;
			sourceTree = "<group>";
		};
		6EDC76ED96C2A9C1F65C68BF /* Frameworks */ = {
			isa = PBXGroup;
			children = (
				BD9D88342F84B8870005EA3D /* CarPlay.framework */,
				0E2CA9C8C9A444D2FA2C29DC /* Pods_Aerio_iOS.framework */,
				24C772C96083DF7C60C170B6 /* Pods_Aerio_tvOS.framework */,
				B3AFC4A7E97E377CD9A5B995 /* tvOS */,
				628C021FBBB1C5C00F6640EA /* TVServices.framework */,
			);
			name = Frameworks;
			sourceTree = "<group>";
		};
		74C4CF9C6BF2027D79310B64 /* MobileVLCKit */ = {
			isa = PBXGroup;
			children = (
				93EBE84BDC6A8A492E3AB851 /* MobileVLCKit-xcframeworks-input-files.xcfilelist */,
				C41DDA8474CA1A75D88D9E3C /* MobileVLCKit-xcframeworks-output-files.xcfilelist */,
				337C9ADFE967736F023EB4CD /* MobileVLCKit-xcframeworks.sh */,
				7CE1F656E39A506614FF4497 /* MobileVLCKit.debug.xcconfig */,
				9F04B5935392FB0CFA0E58A0 /* MobileVLCKit.release.xcconfig */,
			);
			path = MobileVLCKit;
			sourceTree = "<group>";
		};
		8903B1A0B6C8347812B763A3 /* Pods-Aerio_iOS */ = {
			isa = PBXGroup;
			children = (
				8FEC2B12EB3FCB8C13AD3FD1 /* Pods-Aerio_iOS-acknowledgements.markdown */,
				5813F2DEADFF09175AADA42D /* Pods-Aerio_iOS-acknowledgements.plist */,
				46BC9C3B09ACE5A89FC5C0E9 /* Pods-Aerio_iOS-dummy.m */,
				E71FA151241E7264059B0E3A /* Pods-Aerio_iOS-frameworks-Debug-input-files.xcfilelist */,
				03AB1BA15FC7FAB4754ECE75 /* Pods-Aerio_iOS-frameworks-Debug-output-files.xcfilelist */,
				F249D5C39D90BC11107F3420 /* Pods-Aerio_iOS-frameworks-Release-input-files.xcfilelist */,
				6C96AEA17257AA77D4EBE291 /* Pods-Aerio_iOS-frameworks-Release-output-files.xcfilelist */,
				CF54ACE468E89E4259601D31 /* Pods-Aerio_iOS-frameworks.sh */,
				8EEF8CE5358378E2CF3F4012 /* Pods-Aerio_iOS-Info.plist */,
				57682A46B5DF82B13C9A906D /* Pods-Aerio_iOS-umbrella.h */,
				34855884259C4F1B016CF465 /* Pods-Aerio_iOS.debug.xcconfig */,
				270AC009FD8847D0E2E239BF /* Pods-Aerio_iOS.modulemap */,
				A06F3C638088282A3C63BDA9 /* Pods-Aerio_iOS.release.xcconfig */,
			);
			path = "Pods-Aerio_iOS";
			sourceTree = "<group>";
		};
		8F51395EA21012A33DC70238 /* Models */ = {
			isa = PBXGroup;
			children = (
				875B0901B53C33B024AF597F /* Models.swift */,
				EA33B18A62A3411B6425B661 /* PlaylistModels.swift */,
				2B5CE40DD6A5BBCBB943E551 /* VODModels.swift */,
			);
			path = Models;
			sourceTree = "<group>";
		};
		9F48CE336638568BB86DBFEA /* Search */ = {
			isa = PBXGroup;
			children = (
				00F4EE98C1564A7E3A5DD86B /* SearchView.swift */,
			);
			path = Search;
			sourceTree = "<group>";
		};
		AB79E18D174F276F5183F063 /* Components */ = {
			isa = PBXGroup;
			children = (
				7D1DD47CBF4B1FE912B0AF08 /* Components.swift */,
				7A1DD47CBF4B1FE912B0A001 /* ManageGroupsSheet.swift */,
			);
			path = Components;
			sourceTree = "<group>";
		};
		B3AFC4A7E97E377CD9A5B995 /* tvOS */ = {
			isa = PBXGroup;
			children = (
				A660E9D8B5D23C804B590C79 /* Foundation.framework */,
			);
			name = tvOS;
			sourceTree = "<group>";
		};
		BD5262EA2F6792080036371D /* Recovered References */ = {
			isa = PBXGroup;
			children = (
				TEMP_93A8788A-B3FC-4682-A311-70E1AC4EB5A0 /* Aerio.xcworkspace */,
				TEMP_EAAD0E1C-0C7B-498B-B3D7-2FBDAAD805A1 /* Podfile.lock */,
			);
			name = "Recovered References";
			sourceTree = "<group>";
		};
		BD5262EB2F6792080036371D /* Products */ = {
			isa = PBXGroup;
			children = (
			);
			name = Products;
			sourceTree = "<group>";
		};
		BDAE6827A50D95C7A27E2721 /* Target Support Files */ = {
			isa = PBXGroup;
			children = (
				74C4CF9C6BF2027D79310B64 /* MobileVLCKit */,
				8903B1A0B6C8347812B763A3 /* Pods-Aerio_iOS */,
			);
			path = "Target Support Files";
			sourceTree = "<group>";
		};
		C649153244EE1ED5FDBD86C0 /* Settings */ = {
			isa = PBXGroup;
			children = (
				2C791BC8B23CD3EAA3E65BE1 /* AppearanceSettingsView.swift */,
				BB1234567890ABCDEF123456 /* DeveloperSettingsView.swift */,
				9C5D08BD1430E78C26390734 /* SettingsView.swift */,
				0F8881E8167215B8659F5BB1 /* DVRSettingsView.swift */,
				D60A8F073408CAFD075C499C /* MyRecordingsView.swift */,
				A1BB2C3D4E5F60789ABCDEF1 /* MultiviewSettingsView.swift */,
			);
			path = Settings;
			sourceTree = "<group>";
		};
		C79313608AD62EA61EBB298A /* Local Podspecs */ = {
			isa = PBXGroup;
			children = (
			);
			path = "Local Podspecs";
			sourceTree = "<group>";
		};
		C7AB555D4575EAB521484607 /* VOD */ = {
			isa = PBXGroup;
			children = (
				BF6E46AD7A6F742E358FBB43 /* MoviesView.swift */,
				D833EF1D35443BFAEE1480B5 /* TVShowsView.swift */,
				20C769771A1085A303FFC0F0 /* VODDetailView.swift */,
				8CBF1B5E89BE18F8E73482B9 /* OnDemandView.swift */,
			);
			path = VOD;
			sourceTree = "<group>";
		};
		CB1BBB07B37F0658C83DB709 /* Headers */ = {
			isa = PBXGroup;
			children = (
			);
			path = Headers;
			sourceTree = "<group>";
		};
		CEF9D73F9EB0F0D4192A7CEB /* SupportingFiles */ = {
			isa = PBXGroup;
			children = (
				5806A5B948B604B451A5F5C7 /* Assets.xcassets */,
				1603AF9E4D31DB8BDC708C06 /* Info.plist */,
				A3F72C1B8E4D9A6200BC5D91 /* Aerio.entitlements */,
			);
			path = SupportingFiles;
			sourceTree = "<group>";
		};
		A144EEEE5555EEEE5555EEEE /* AerioObjC */ = {
			isa = PBXGroup;
			children = (
				A100AAAA1111AAAA1111AAAA /* MPMediaItemArtworkShim.h */,
				A111BBBB2222BBBB2222BBBB /* MPMediaItemArtworkShim.m */,
				A122CCCC3333CCCC3333CCCC /* Aerio-Bridging-Header.h */,
			);
			path = AerioObjC;
			sourceTree = "<group>";
		};
		D35434453E2FAF35DC5DD5BE /* Products */ = {
			isa = PBXGroup;
			children = (
				A2FD31E5C3E95D9CF2F53F4E /* Aerio.app */,
				A1AB8E6203108C63D4696924 /* Aerio.app */,
				980F01E6377A91F10236C4D5 /* AerioTopShelf.appex */,
			);
			name = Products;
			sourceTree = "<group>";
		};
		D790E242FC19FAB9A2C4F61C /* Home */ = {
			isa = PBXGroup;
			children = (
				5957CC8A6CC0000B14ED47C5 /* HomeView.swift */,
			);
			path = Home;
			sourceTree = "<group>";
		};
		B1C2D3E4F5A67890ACE00010 /* Multiview */ = {
			isa = PBXGroup;
			children = (
				B1C2D3E4F5A67890ACE0000C /* MultiviewTile.swift */,
				B1C2D3E4F5A67890ACE0000F /* MultiviewStore.swift */,
				B1C2D3E4F5A67890ACE00013 /* MultiviewGridMath.swift */,
				B1C2D3E4F5A67890ACE00016 /* MultiviewLayoutView.swift */,
				B1C2D3E4F5A67890ACE00019 /* MultiviewTransportBar.swift */,
				B1C2D3E4F5A67890ACE0001C /* MultiviewTileView.swift */,
				B1C2D3E4F5A67890ACE0001F /* MultiviewContainerView.swift */,
				B1C2D3E4F5A67890ACE00025 /* CompactChannelRow.swift */,
				B1C2D3E4F5A67890ACE00028 /* AddToMultiviewSheet.swift */,
				B1C2D3E4F5A67890ACE0002B /* MultiviewCommands.swift */,
				B1C2D3E4F5A67890ACE00034 /* PlaybackChromeOverlay.swift */,
			);
			path = Multiview;
			sourceTree = "<group>";
		};
		D7ACC20911B79B2CA659255A /* TopShelfExtension */ = {
			isa = PBXGroup;
			children = (
				29555D1D6559100DF82F2F8A /* ContentProvider.swift */,
				888E14C889CF064825B5A29E /* AerioTopShelf.entitlements */,
				D6A98EC87AA5F1A5CD0E5606 /* Info.plist */,
			);
			name = TopShelfExtension;
			sourceTree = SOURCE_ROOT;
		};
		EBE4735039B8168FF0CF3C56 /* App */ = {
			isa = PBXGroup;
			children = (
				AA1234567890ABCDEF123456 /* DebugLogger.swift */,
				AB1234567890ABCDEF123456 /* NowPlayingBridge.swift */,
				MPV0000000000000000000001 /* MPVPlayerView.swift */,
				08B4D4146C07D85405524861 /* AerioApp.swift */,
				880CEF808ABBA8AD9BC13BEC /* AerioSplash.mp4 */,
				CE7BE368EE5FEB9A71732DC5 /* PlayerView.swift */,
				5044B9CD69C05A6836588548 /* SplashView.swift */,
				WHATSNEW00000000000ACE000 /* WhatsNew.swift */,
			);
			path = App;
			sourceTree = "<group>";
		};
		FF2BFAF9459BFB3B8F20DCC8 /* Shared */ = {
			isa = PBXGroup;
			children = (
				68C828711A3654526E9E9D04 /* ViewModels */,
				A144EEEE5555EEEE5555EEEE /* AerioObjC */,
				4A8B2C3D1E5F607892AA4B5C /* KeychainHelper.swift */,
				265A7DFCEC12544455827DB3 /* ReminderManager.swift */,
				4B9C3D4E2F6A718903BB5C6D /* SyncManager.swift */,
				F6123CC8F10ADF7063AE0E97 /* ReminderBannerView.swift */,
				62C0C151EAA6394D32003217 /* DeviceInfo.swift */,
				B1124AFB90B57F17E01204AA /* LocalRecordingSession.swift */,
				EDDCE00B1213614CFF8EFF4D /* RecordingCoordinator.swift */,
				A1B2C3D4E5F67890CAFE0003 /* TVPressGesture.swift */,
				B1C2D3E4F5A67890ACE00003 /* AudioSessionRefCount.swift */,
				B1C2D3E4F5A67890ACE00006 /* IdleTimerRefCount.swift */,
				B1C2D3E4F5A67890ACE00009 /* PlayerSession.swift */,
				B1C2D3E4F5A67890ACE00022 /* RecentChannelsStore.swift */,
				B1C2D3E4F5A67890ACE0002E /* ProcessMetrics.swift */,
				B1C2D3E4F5A67890ACE00031 /* PlaybackDiagnostics.swift */,
				B1C2D3E4F5A67890ACE0A001 /* RemoteInputLogger.swift */,
				B1C2D3E4F5A67890ACE00B03 /* CategoryColor.swift */,
			);
			path = Shared;
			sourceTree = "<group>";
		};
/* End PBXGroup section */

/* Begin PBXNativeTarget section */
		353CF1DD804CE1FDC2F4E294 /* Aerio_iOS */ = {
			isa = PBXNativeTarget;
			buildConfigurationList = 53EE43EF2A156AB0859B4923 /* Build configuration list for PBXNativeTarget "Aerio_iOS" */;
			buildPhases = (
				FF6BCBE911B41520293DF366 /* [CP] Check Pods Manifest.lock */,
				97A79060C6920CBAAF74938C /* Sources */,
				AE6E191FB75EA241ACC75ACB /* Resources */,
				F6FC8EF44BA77AB5758D95F1 /* Frameworks */,
			);
			buildRules = (
			);
			dependencies = (
			);
			name = Aerio_iOS;
			productName = Aerio_iOS;
			productReference = A2FD31E5C3E95D9CF2F53F4E /* Aerio.app */;
			productType = "com.apple.product-type.application";
		};
		3D7E0C99AD2471A7F6A5FF48 /* Aerio_tvOS */ = {
			isa = PBXNativeTarget;
			buildConfigurationList = 880EE68A9BBB3CA4912BB19D /* Build configuration list for PBXNativeTarget "Aerio_tvOS" */;
			buildPhases = (
				20F11412A383E31F756FD479 /* [CP] Check Pods Manifest.lock */,
				3A1C44D789D61CA0731351C2 /* Sources */,
				4CF6C7E91A8276F8960F3C7D /* Resources */,
				5511B41648942BDE13D29B38 /* Frameworks */,
				7B2A520618A70CCBFEA93B87 /* Embed App Extensions */,
			);
			buildRules = (
			);
			dependencies = (
				873E8E1D3999D625281F5672 /* PBXTargetDependency */,
			);
			name = Aerio_tvOS;
			productName = Aerio_tvOS;
			productReference = A1AB8E6203108C63D4696924 /* Aerio.app */;
			productType = "com.apple.product-type.application";
		};
		A7FF9694565411B4791759AC /* AerioTopShelf */ = {
			isa = PBXNativeTarget;
			buildConfigurationList = ED8422D10957C4684885F7D5 /* Build configuration list for PBXNativeTarget "AerioTopShelf" */;
			buildPhases = (
				CE9F9CEEF657F88562101BB3 /* Sources */,
				2519A83EA3E0217DB749D759 /* Frameworks */,
				8143D10E0A4673863DC93456 /* Resources */,
			);
			buildRules = (
			);
			dependencies = (
			);
			name = AerioTopShelf;
			productName = AerioTopShelf;
			productReference = 980F01E6377A91F10236C4D5 /* AerioTopShelf.appex */;
			productType = "com.apple.product-type.app-extension";
		};
/* End PBXNativeTarget section */

/* Begin PBXProject section */
		FF7071163D6291891DEC5B95 /* Project object */ = {
			isa = PBXProject;
			attributes = {
				BuildIndependentTargetsInParallel = YES;
				LastUpgradeCheck = 2640;
			};
			buildConfigurationList = E14095500FDB469BC6E1027E /* Build configuration list for PBXProject "Aerio" */;
			developmentRegion = en;
			hasScannedForEncodings = 0;
			knownRegions = (
				Base,
				en,
			);
			mainGroup = 4D5B125286008EFD60915C8C;
			minimizedProjectReferenceProxies = 1;
			packageReferences = (
				BDD64B7F2F76FD240055F82C /* XCRemoteSwiftPackageReference "MPVKit" */,
			);
			preferredProjectObjectVersion = 77;
			productRefGroup = D35434453E2FAF35DC5DD5BE /* Products */;
			projectDirPath = "";
			projectReferences = (
				{
					ProductGroup = BD5262EB2F6792080036371D /* Products */;
					ProjectRef = 2AF171D5A7722CF07BDE9B48 /* Pods.xcodeproj */;
				},
			);
			projectRoot = "";
			targets = (
				353CF1DD804CE1FDC2F4E294 /* Aerio_iOS */,
				3D7E0C99AD2471A7F6A5FF48 /* Aerio_tvOS */,
				A7FF9694565411B4791759AC /* AerioTopShelf */,
			);
		};
/* End PBXProject section */

/* Begin PBXResourcesBuildPhase section */
		4CF6C7E91A8276F8960F3C7D /* Resources */ = {
			isa = PBXResourcesBuildPhase;
			buildActionMask = 2147483647;
			files = (
				87062C2D2515CB8999B9C4E6 /* Assets.xcassets in Resources */,
				294AE2B45D4A82E38B1D09C4 /* Aerio.xcworkspace in Resources */,
				62AD11B70BF6B745FD727C8B /* AerioSplash.mp4 in Resources */,
				6AFEBD1C481F02C363B48866 /* Manifest.lock in Resources */,
				EFE8847CEB70D953DD4D2BFB /* Podfile.lock in Resources */,
				315EA1921B10CD36DE7A8A1F /* Pods-Aerio_iOS-Info.plist in Resources */,
				1EB4A645E88DDFE6F211ADA4 /* Pods-Aerio_iOS-acknowledgements.markdown in Resources */,
				36B1927A52630A63A061D530 /* Pods-Aerio_iOS-acknowledgements.plist in Resources */,
				BC00C290CFD296C79CD18EB6 /* Pods-Aerio_iOS-frameworks.sh in Resources */,
				788D987295F9672EFA03E102 /* Pods.xcodeproj in Resources */,
			);
			runOnlyForDeploymentPostprocessing = 0;
		};
		8143D10E0A4673863DC93456 /* Resources */ = {
			isa = PBXResourcesBuildPhase;
			buildActionMask = 2147483647;
			files = (
			);
			runOnlyForDeploymentPostprocessing = 0;
		};
		AE6E191FB75EA241ACC75ACB /* Resources */ = {
			isa = PBXResourcesBuildPhase;
			buildActionMask = 2147483647;
			files = (
				11120119C5A64353490041AC /* Assets.xcassets in Resources */,
				65A50DB238B2354D5B81DE09 /* Aerio.xcworkspace in Resources */,
				C9E28AF097D00D2A282673A5 /* AerioSplash.mp4 in Resources */,
				DBFAE2F87043F12BE1728B6D /* Manifest.lock in Resources */,
				5585996EF79BB170CAD2D6F3 /* Podfile.lock in Resources */,
				B747D3E4B7695FAF8CD9C557 /* Pods-Aerio_iOS-Info.plist in Resources */,
				C02E4BB60A5E960696E8839B /* Pods-Aerio_iOS-acknowledgements.markdown in Resources */,
				8CF1E8A8912F0A98110ABF07 /* Pods-Aerio_iOS-acknowledgements.plist in Resources */,
				85F0D65172F55DFA1D3DA20B /* Pods-Aerio_iOS-frameworks.sh in Resources */,
				2527936283FB11BD5201E1DA /* Pods.xcodeproj in Resources */,
			);
			runOnlyForDeploymentPostprocessing = 0;
		};
/* End PBXResourcesBuildPhase section */

/* Begin PBXShellScriptBuildPhase section */
		20F11412A383E31F756FD479 /* [CP] Check Pods Manifest.lock */ = {
			isa = PBXShellScriptBuildPhase;
			buildActionMask = 2147483647;
			files = (
			);
			inputFileListPaths = (
			);
			inputPaths = (
				"${PODS_PODFILE_DIR_PATH}/Podfile.lock",
				"${PODS_ROOT}/Manifest.lock",
			);
			name = "[CP] Check Pods Manifest.lock";
			outputFileListPaths = (
			);
			outputPaths = (
				"$(DERIVED_FILE_DIR)/Pods-Aerio_tvOS-checkManifestLockResult.txt",
			);
			runOnlyForDeploymentPostprocessing = 0;
			shellPath = /bin/sh;
			shellScript = "diff \"${PODS_PODFILE_DIR_PATH}/Podfile.lock\" \"${PODS_ROOT}/Manifest.lock\" > /dev/null\nif [ $? != 0 ] ; then\n    # print error to STDERR\n    echo \"error: The sandbox is not in sync with the Podfile.lock. Run 'pod install' or update your CocoaPods installation.\" >&2\n    exit 1\nfi\n# This output is used by Xcode 'outputs' to avoid re-running this script phase.\necho \"SUCCESS\" > \"${SCRIPT_OUTPUT_FILE_0}\"\n";
			showEnvVarsInLog = 0;
		};
		FF6BCBE911B41520293DF366 /* [CP] Check Pods Manifest.lock */ = {
			isa = PBXShellScriptBuildPhase;
			buildActionMask = 2147483647;
			files = (
			);
			inputFileListPaths = (
			);
			inputPaths = (
				"${PODS_PODFILE_DIR_PATH}/Podfile.lock",
				"${PODS_ROOT}/Manifest.lock",
			);
			name = "[CP] Check Pods Manifest.lock";
			outputFileListPaths = (
			);
			outputPaths = (
				"$(DERIVED_FILE_DIR)/Pods-Aerio_iOS-checkManifestLockResult.txt",
			);
			runOnlyForDeploymentPostprocessing = 0;
			shellPath = /bin/sh;
			shellScript = "diff \"${PODS_PODFILE_DIR_PATH}/Podfile.lock\" \"${PODS_ROOT}/Manifest.lock\" > /dev/null\nif [ $? != 0 ] ; then\n    # print error to STDERR\n    echo \"error: The sandbox is not in sync with the Podfile.lock. Run 'pod install' or update your CocoaPods installation.\" >&2\n    exit 1\nfi\n# This output is used by Xcode 'outputs' to avoid re-running this script phase.\necho \"SUCCESS\" > \"${SCRIPT_OUTPUT_FILE_0}\"\n";
			showEnvVarsInLog = 0;
		};
/* End PBXShellScriptBuildPhase section */

/* Begin PBXSourcesBuildPhase section */
		3A1C44D789D61CA0731351C2 /* Sources */ = {
			isa = PBXSourcesBuildPhase;
			buildActionMask = 2147483647;
			files = (
				81A5CE2643A02F7A26B2B5CF /* AddServerView.swift in Sources */,
				81A5CE2643A02F7A26B2B5D0 /* ServerSyncView.swift in Sources */,
				6B91E10A20F4B86799998C43 /* AppearanceSettingsView.swift in Sources */,
				7134A5E98E9415DF4789626B /* ChannelListView.swift in Sources */,
				F1B2C3D4E5F6A70890BC2345 /* EPGGuideView.swift in Sources */,
				73FE0EA560BD116D4301EB8D /* Colors.swift in Sources */,
				FD1AC2C2B4E0577B5456999F /* Components.swift in Sources */,
				FA1AC2C2B4E0577B5456A002 /* ManageGroupsSheet.swift in Sources */,
				CC1234567890ABCDEF123456 /* DebugLogger.swift in Sources */,
				CD1234567890ABCDEF123456 /* NowPlayingBridge.swift in Sources */,
				MPV0000000000000000000002 /* MPVPlayerView.swift in Sources */,
				EE1234567890ABCDEF123456 /* DeveloperSettingsView.swift in Sources */,
				A8E322C238A7CE0B55BA3D4D /* AerioApp.swift in Sources */,
				7D775CD7B45EE60B92377A6F /* HomeView.swift in Sources */,
				C9B3A9A8801BC79552C8D496 /* LiquidGlass.swift in Sources */,
				5DC1FF775CB2D3D2917F5D4A /* MediaServerAPIs.swift in Sources */,
				1083DB8B620ABAC3ECAB3823 /* Models.swift in Sources */,
				1FF8FD4B1DD11EAE3F154767 /* MoviesView.swift in Sources */,
				134BBEA37092BE9ED06DE967 /* PlayerView.swift in Sources */,
				ACAEB60B5118B283BF99CF16 /* PlaylistImportViews.swift in Sources */,
				61F895DEB15DE1F7C3EACD17 /* PlaylistModels.swift in Sources */,
				19AE345D39FB441F217ABCE7 /* PlaylistParsers.swift in Sources */,
				A4A40B2ADBF625F5928EF0C1 /* Pods-Aerio_iOS-dummy.m in Sources */,
				DB7474780DADD2D4B35AE071 /* SearchView.swift in Sources */,
				D0C107746AE8D043B81554D2 /* ServerConnectionViewModel.swift in Sources */,
				5A8B2C3D1E5F607892AA4B5C /* KeychainHelper.swift in Sources */,
				565A7DFCEC12544455827DB3 /* ReminderManager.swift in Sources */,
				5B9C3D4E2F6A718903BB5C6D /* SyncManager.swift in Sources */,
				FD65778E5A378FA718D5D0E2 /* SettingsView.swift in Sources */,
				8021E4CA54981EDD0F04AE72 /* SplashView.swift in Sources */,
				D9B2C4CC2563512B2741AF83 /* TVShowsView.swift in Sources */,
				E7C08D85CEAB0B3D8E268FBA /* ThemeManager.swift in Sources */,
				B76CD4D353AB0D45EEF9F480 /* Typography.swift in Sources */,
				353CD0D32CB0D6B2998B1AD4 /* VODDetailView.swift in Sources */,
				9D874ED59E97CB1D868F596D /* VODModels.swift in Sources */,
				BA33A33C572E086E61AA73AB /* VODService.swift in Sources */,
				8D2CF5152AE5713290F75C94 /* WelcomeView.swift in Sources */,
				1868ADFE12C568F8FC5FED53 /* StreamingAPIs.swift in Sources */,
				2B3C4D5E6F708901ACE70010 /* NWHTTPClient.swift in Sources */,
				2B3C4D5E6F708901ACE70011 /* HTTPRouter.swift in Sources */,
				1D11DF914E50BF1810089A1E /* XtreamSeriesAPI.swift in Sources */,
				7A7218D999F2EBB150A606A1 /* ReminderBannerView.swift in Sources */,
				A41AA69146981E08D85F8439 /* DeviceInfo.swift in Sources */,
				29753AC438E1C47769F2874E /* LocalRecordingSession.swift in Sources */,
				27D98B92D7EF236E6D5C868D /* RecordingCoordinator.swift in Sources */,
				A1B2C3D4E5F67890CAFE0001 /* TVPressGesture.swift in Sources */,
				B1C2D3E4F5A67890ACE00001 /* AudioSessionRefCount.swift in Sources */,
				B1C2D3E4F5A67890ACE0A002 /* RemoteInputLogger.swift in Sources */,
				B1C2D3E4F5A67890ACE00004 /* IdleTimerRefCount.swift in Sources */,
				B1C2D3E4F5A67890ACE00007 /* PlayerSession.swift in Sources */,
				B1C2D3E4F5A67890ACE0000A /* MultiviewTile.swift in Sources */,
				B1C2D3E4F5A67890ACE0000D /* MultiviewStore.swift in Sources */,
				B1C2D3E4F5A67890ACE00011 /* MultiviewGridMath.swift in Sources */,
				B1C2D3E4F5A67890ACE00014 /* MultiviewLayoutView.swift in Sources */,
				B1C2D3E4F5A67890ACE00017 /* MultiviewTransportBar.swift in Sources */,
				B1C2D3E4F5A67890ACE0001A /* MultiviewTileView.swift in Sources */,
				B1C2D3E4F5A67890ACE0001D /* MultiviewContainerView.swift in Sources */,
				B1C2D3E4F5A67890ACE00020 /* RecentChannelsStore.swift in Sources */,
				B1C2D3E4F5A67890ACE00023 /* CompactChannelRow.swift in Sources */,
				WHATSNEW00000000000ACE001 /* WhatsNew.swift in Sources */,
				B1C2D3E4F5A67890ACE00026 /* AddToMultiviewSheet.swift in Sources */,
				B1C2D3E4F5A67890ACE00029 /* MultiviewCommands.swift in Sources */,
				B1C2D3E4F5A67890ACE0002C /* ProcessMetrics.swift in Sources */,
				B1C2D3E4F5A67890ACE0002F /* PlaybackDiagnostics.swift in Sources */,
				B1C2D3E4F5A67890ACE00032 /* PlaybackChromeOverlay.swift in Sources */,
				B1C2D3E4F5A67890ACE00B01 /* CategoryColor.swift in Sources */,
				2B56157F30BF5B5840F399B1 /* DVRSettingsView.swift in Sources */,
				B1AABBCC2DD3EE4FF5006001 /* MultiviewSettingsView.swift in Sources */,
				A54DA5DC88870F51A2B370F7 /* MyRecordingsView.swift in Sources */,
				07E14C8EB5000227467B6BA9 /* RecordProgramSheet.swift in Sources */,
				F11A12EB07CB46158E23B73E /* ProgramInfoView.swift in Sources */,
				6308BAE1E16965A379092AE8 /* OnDemandView.swift in Sources */,
			);
			runOnlyForDeploymentPostprocessing = 0;
		};
		97A79060C6920CBAAF74938C /* Sources */ = {
			isa = PBXSourcesBuildPhase;
			buildActionMask = 2147483647;
			files = (
				A133DDDD4444DDDD4444DDDD /* MPMediaItemArtworkShim.m in Sources */,
				10D8764EE31D09E18D0C2CFB /* AddServerView.swift in Sources */,
				10D8764EE31D09E18D0C2CFC /* ServerSyncView.swift in Sources */,
				B0C3B7E4FC02D61295E8FEA5 /* AppearanceSettingsView.swift in Sources */,
				9F9A37C29E5E186E323737C0 /* ChannelListView.swift in Sources */,
				A2B3C4D5E6F7A80901CD3456 /* EPGGuideView.swift in Sources */,
				737FB562438624E3BF547904 /* Colors.swift in Sources */,
				0823BE6E3373A83D3FEBC32F /* Components.swift in Sources */,
				0A23BE6E3373A83D3FEBC001 /* ManageGroupsSheet.swift in Sources */,
				DD1234567890ABCDEF123456 /* DebugLogger.swift in Sources */,
				DE1234567890ABCDEF123456 /* NowPlayingBridge.swift in Sources */,
				MPV0000000000000000000003 /* MPVPlayerView.swift in Sources */,
				FF1234567890ABCDEF123456 /* DeveloperSettingsView.swift in Sources */,
				CF38B25676730E71C9AD497A /* AerioApp.swift in Sources */,
				3A694D00B8E5469ADCD3D120 /* HomeView.swift in Sources */,
				B0B4EE0F74D4863E74833446 /* LiquidGlass.swift in Sources */,
				AD422FFDD689840F76B8A238 /* MediaServerAPIs.swift in Sources */,
				30FA1CA916C8DDE2001C592F /* Models.swift in Sources */,
				DA8D78550B95A889171982BC /* MoviesView.swift in Sources */,
				F00D3696D62D7C9EF6E05244 /* PlayerView.swift in Sources */,
				7CFFD573C287B60F267445BD /* PlaylistImportViews.swift in Sources */,
				84D478A2A84F9A8A2FEE8EA4 /* PlaylistModels.swift in Sources */,
				622B003E0D0A155E9FE7D9B7 /* PlaylistParsers.swift in Sources */,
				20FAAE7F6DB7B9506F08F8E7 /* Pods-Aerio_iOS-dummy.m in Sources */,
				B5AE22380A5D13659655A5CD /* SearchView.swift in Sources */,
				349A1C11393E9A07EDE93974 /* ServerConnectionViewModel.swift in Sources */,
				6A8B2C3D1E5F607892AA4B5C /* KeychainHelper.swift in Sources */,
				665A7DFCEC12544455827DB3 /* ReminderManager.swift in Sources */,
				6B9C3D4E2F6A718903BB5C6D /* SyncManager.swift in Sources */,
				2DD98124C6F98D06EFED419A /* SettingsView.swift in Sources */,
				867C07594A685FB5BDCA5BB3 /* SplashView.swift in Sources */,
				76842216BD4822B7380FDF05 /* TVShowsView.swift in Sources */,
				8AC25DFB7121C1AEBCE36729 /* ThemeManager.swift in Sources */,
				6BA60E4727C61B8943535F4E /* Typography.swift in Sources */,
				97309F3B0C6B3769882EF361 /* VODDetailView.swift in Sources */,
				B743C668A35FABC8A1BECB16 /* VODModels.swift in Sources */,
				D707545F75A250B3657868F5 /* VODService.swift in Sources */,
				58753215820D219D87D24402 /* WelcomeView.swift in Sources */,
				98B0C60D6099DEF55810D175 /* StreamingAPIs.swift in Sources */,
				3C4D5E6F70891012ACE70020 /* NWHTTPClient.swift in Sources */,
				3C4D5E6F70891012ACE70021 /* HTTPRouter.swift in Sources */,
				3349C24B50E8CC1C902B358F /* XtreamSeriesAPI.swift in Sources */,
				8F5A030376AB114E38DAE4AD /* ReminderBannerView.swift in Sources */,
				000A4A7BFF25A66945137BB3 /* DeviceInfo.swift in Sources */,
				D50E5DFBD9787AC5568AD17A /* LocalRecordingSession.swift in Sources */,
				8B904D93666027F576A836E1 /* RecordingCoordinator.swift in Sources */,
				A1B2C3D4E5F67890CAFE0002 /* TVPressGesture.swift in Sources */,
				B1C2D3E4F5A67890ACE00002 /* AudioSessionRefCount.swift in Sources */,
				B1C2D3E4F5A67890ACE0A003 /* RemoteInputLogger.swift in Sources */,
				B1C2D3E4F5A67890ACE00005 /* IdleTimerRefCount.swift in Sources */,
				B1C2D3E4F5A67890ACE00008 /* PlayerSession.swift in Sources */,
				B1C2D3E4F5A67890ACE0000B /* MultiviewTile.swift in Sources */,
				B1C2D3E4F5A67890ACE0000E /* MultiviewStore.swift in Sources */,
				B1C2D3E4F5A67890ACE00012 /* MultiviewGridMath.swift in Sources */,
				B1C2D3E4F5A67890ACE00015 /* MultiviewLayoutView.swift in Sources */,
				B1C2D3E4F5A67890ACE00018 /* MultiviewTransportBar.swift in Sources */,
				B1C2D3E4F5A67890ACE0001B /* MultiviewTileView.swift in Sources */,
				B1C2D3E4F5A67890ACE0001E /* MultiviewContainerView.swift in Sources */,
				B1C2D3E4F5A67890ACE00021 /* RecentChannelsStore.swift in Sources */,
				B1C2D3E4F5A67890ACE00024 /* CompactChannelRow.swift in Sources */,
				WHATSNEW00000000000ACE002 /* WhatsNew.swift in Sources */,
				B1C2D3E4F5A67890ACE00027 /* AddToMultiviewSheet.swift in Sources */,
				B1C2D3E4F5A67890ACE0002A /* MultiviewCommands.swift in Sources */,
				B1C2D3E4F5A67890ACE0002D /* ProcessMetrics.swift in Sources */,
				B1C2D3E4F5A67890ACE00030 /* PlaybackDiagnostics.swift in Sources */,
				B1C2D3E4F5A67890ACE00033 /* PlaybackChromeOverlay.swift in Sources */,
				B1C2D3E4F5A67890ACE00B02 /* CategoryColor.swift in Sources */,
				38A0E8B8ABBD862D5012AB52 /* DVRSettingsView.swift in Sources */,
				B1AABBCC2DD3EE4FF5006002 /* MultiviewSettingsView.swift in Sources */,
				84338D2727DB3CF6EF963AD3 /* MyRecordingsView.swift in Sources */,
				115F4DEA73DE0C5C49817C04 /* RecordProgramSheet.swift in Sources */,
				B997EA931623455C8A931F29 /* ProgramInfoView.swift in Sources */,
				C9E919E28B95CE15179BBCBD /* OnDemandView.swift in Sources */,
			);
			runOnlyForDeploymentPostprocessing = 0;
		};
		CE9F9CEEF657F88562101BB3 /* Sources */ = {
			isa = PBXSourcesBuildPhase;
			buildActionMask = 2147483647;
			files = (
				AE4174FB696D381DAADB8497 /* ContentProvider.swift in Sources */,
			);
			runOnlyForDeploymentPostprocessing = 0;
		};
/* End PBXSourcesBuildPhase section */

/* Begin PBXTargetDependency section */
		873E8E1D3999D625281F5672 /* PBXTargetDependency */ = {
			isa = PBXTargetDependency;
			name = AerioTopShelf;
			target = A7FF9694565411B4791759AC /* AerioTopShelf */;
			targetProxy = 03C850CD4E7C1F922776F9EA /* PBXContainerItemProxy */;
		};
/* End PBXTargetDependency section */

/* Begin XCBuildConfiguration section */
		01DDFCC8CB0708CA2ADEA45F /* Debug */ = {
			isa = XCBuildConfiguration;
			buildSettings = {
				ALWAYS_EMBED_SWIFT_STANDARD_LIBRARIES = NO;
				CODE_SIGN_ENTITLEMENTS = TopShelfExtension/AerioTopShelf.entitlements;
				CODE_SIGN_STYLE = Automatic;
				CURRENT_PROJECT_VERSION = 1;
				DEVELOPMENT_TEAM = 47DTJ3Q67T;
				ENABLE_USER_SCRIPT_SANDBOXING = NO;
				GENERATE_INFOPLIST_FILE = NO;
				INFOPLIST_FILE = TopShelfExtension/Info.plist;
				LD_RUNPATH_SEARCH_PATHS = (
					"$(inherited)",
					"@executable_path/Frameworks",
					"@executable_path/../../Frameworks",
				);
				MARKETING_VERSION = 1.6.13;
				PRODUCT_BUNDLE_IDENTIFIER = "$(BUNDLE_ID_PREFIX).aerio.TopShelf";
				PRODUCT_NAME = "$(TARGET_NAME)";
				SDKROOT = appletvos;
				SKIP_INSTALL = YES;
				SUPPORTED_PLATFORMS = "appletvos appletvsimulator";
				SWIFT_VERSION = 6.0;
				TARGETED_DEVICE_FAMILY = 3;
				TVOS_DEPLOYMENT_TARGET = 18.0;
			};
			name = Debug;
		};
		0666C45943E3AC3A9A7BEE8B /* Release */ = {
			isa = XCBuildConfiguration;
			baseConfigurationReference = 050594609247DACBBD411AAE /* Pods-Aerio_tvOS.release.xcconfig */;
			buildSettings = {
				ASSETCATALOG_COMPILER_APPICON_NAME = "App Icon & Top Shelf Image";
				ASSETCATALOG_COMPILER_LAUNCHIMAGE_NAME = LaunchImage;
				CODE_SIGN_ENTITLEMENTS = Aerio_tvOS.entitlements;
				CURRENT_PROJECT_VERSION = 1;
				INFOPLIST_FILE = SupportingFiles/Info.plist;
				INFOPLIST_KEY_CFBundleDisplayName = AerioTV;
				INFOPLIST_KEY_LSApplicationCategoryType = "public.app-category.video";
				LD_RUNPATH_SEARCH_PATHS = (
					"$(inherited)",
					"@executable_path/Frameworks",
				);
				PRODUCT_BUNDLE_IDENTIFIER = "$(BUNDLE_ID_PREFIX).aerio";
				PRODUCT_NAME = Aerio;
				SDKROOT = appletvos;
				TARGETED_DEVICE_FAMILY = 3;
				TVOS_DEPLOYMENT_TARGET = 18.0;
			};
			name = Release;
		};
		0FEC2E21180118A37C2B6E86 /* Debug */ = {
			isa = XCBuildConfiguration;
			baseConfigurationReference = B3B1522EE96446B1A667FDEB /* Pods-Aerio_iOS.debug.xcconfig */;
			buildSettings = {
				ASSETCATALOG_COMPILER_APPICON_NAME = AppIcon;
				ASSETCATALOG_COMPILER_INCLUDE_ALL_APPICON_ASSETS = YES;
				CODE_SIGN_ALLOW_ENTITLEMENTS_MODIFICATION = YES;
				CODE_SIGN_ENTITLEMENTS = SupportingFiles/Aerio.entitlements;
				CODE_SIGN_IDENTITY = "iPhone Developer";
				CURRENT_PROJECT_VERSION = 1;
				DEVELOPMENT_TEAM = 47DTJ3Q67T;
				INFOPLIST_FILE = SupportingFiles/Info.plist;
				INFOPLIST_KEY_CFBundleDisplayName = AerioTV;
				INFOPLIST_KEY_LSApplicationCategoryType = "public.app-category.video";
				IPHONEOS_DEPLOYMENT_TARGET = 18.0;
				LD_RUNPATH_SEARCH_PATHS = (
					"$(inherited)",
					"@executable_path/Frameworks",
				);
				MARKETING_VERSION = 1.6.13;
				PRODUCT_BUNDLE_IDENTIFIER = "$(BUNDLE_ID_PREFIX).aerio";
				PRODUCT_NAME = Aerio;
				SDKROOT = iphoneos;
				SUPPORTED_PLATFORMS = "iphoneos iphonesimulator";
				SUPPORTS_MACCATALYST = NO;
				SWIFT_OBJC_BRIDGING_HEADER = "Shared/AerioObjC/Aerio-Bridging-Header.h";
				TARGETED_DEVICE_FAMILY = "1,2";
			};
			name = Debug;
		};
		20D0A0B9A467AE7A9A157446 /* Release */ = {
			isa = XCBuildConfiguration;
			buildSettings = {
				ALWAYS_EMBED_SWIFT_STANDARD_LIBRARIES = NO;
				CODE_SIGN_ENTITLEMENTS = TopShelfExtension/AerioTopShelf.entitlements;
				CODE_SIGN_STYLE = Automatic;
				CURRENT_PROJECT_VERSION = 1;
				DEVELOPMENT_TEAM = 47DTJ3Q67T;
				ENABLE_USER_SCRIPT_SANDBOXING = NO;
				GENERATE_INFOPLIST_FILE = NO;
				INFOPLIST_FILE = TopShelfExtension/Info.plist;
				LD_RUNPATH_SEARCH_PATHS = (
					"$(inherited)",
					"@executable_path/Frameworks",
					"@executable_path/../../Frameworks",
				);
				MARKETING_VERSION = 1.6.13;
				PRODUCT_BUNDLE_IDENTIFIER = "$(BUNDLE_ID_PREFIX).aerio.TopShelf";
				PRODUCT_NAME = "$(TARGET_NAME)";
				SDKROOT = appletvos;
				SKIP_INSTALL = YES;
				SUPPORTED_PLATFORMS = "appletvos appletvsimulator";
				SWIFT_VERSION = 6.0;
				TARGETED_DEVICE_FAMILY = 3;
				TVOS_DEPLOYMENT_TARGET = 18.0;
				VALIDATE_PRODUCT = YES;
			};
			name = Release;
		};
		58770CA2B53D8AA283368438 /* Release */ = {
			isa = XCBuildConfiguration;
			baseConfigurationReference = A1ECC0FF1ED1ABF1ED1ABF11 /* Aerio.xcconfig */;
			buildSettings = {
				ALWAYS_SEARCH_USER_PATHS = NO;
				ASSETCATALOG_COMPILER_GENERATE_SWIFT_ASSET_SYMBOL_EXTENSIONS = YES;
				CLANG_ANALYZER_NONNULL = YES;
				CLANG_ANALYZER_NUMBER_OBJECT_CONVERSION = YES_AGGRESSIVE;
				CLANG_CXX_LANGUAGE_STANDARD = "gnu++14";
				CLANG_CXX_LIBRARY = "libc++";
				CLANG_ENABLE_MODULES = YES;
				CLANG_ENABLE_OBJC_ARC = YES;
				CLANG_ENABLE_OBJC_WEAK = YES;
				CLANG_WARN_BLOCK_CAPTURE_AUTORELEASING = YES;
				CLANG_WARN_BOOL_CONVERSION = YES;
				CLANG_WARN_COMMA = YES;
				CLANG_WARN_CONSTANT_CONVERSION = YES;
				CLANG_WARN_DEPRECATED_OBJC_IMPLEMENTATIONS = YES;
				CLANG_WARN_DIRECT_OBJC_ISA_USAGE = YES_ERROR;
				CLANG_WARN_DOCUMENTATION_COMMENTS = YES;
				CLANG_WARN_EMPTY_BODY = YES;
				CLANG_WARN_ENUM_CONVERSION = YES;
				CLANG_WARN_INFINITE_RECURSION = YES;
				CLANG_WARN_INT_CONVERSION = YES;
				CLANG_WARN_NON_LITERAL_NULL_CONVERSION = YES;
				CLANG_WARN_OBJC_IMPLICIT_RETAIN_SELF = YES;
				CLANG_WARN_OBJC_LITERAL_CONVERSION = YES;
				CLANG_WARN_OBJC_ROOT_CLASS = YES_ERROR;
				CLANG_WARN_QUOTED_INCLUDE_IN_FRAMEWORK_HEADER = YES;
				CLANG_WARN_RANGE_LOOP_ANALYSIS = YES;
				CLANG_WARN_STRICT_PROTOTYPES = YES;
				CLANG_WARN_SUSPICIOUS_MOVE = YES;
				CLANG_WARN_UNGUARDED_AVAILABILITY = YES_AGGRESSIVE;
				CLANG_WARN_UNREACHABLE_CODE = YES;
				CLANG_WARN__DUPLICATE_METHOD_MATCH = YES;
				COPY_PHASE_STRIP = NO;
				CURRENT_PROJECT_VERSION = 1;
				DEAD_CODE_STRIPPING = YES;
				DEBUG_INFORMATION_FORMAT = "dwarf-with-dsym";
				DEVELOPMENT_TEAM = 47DTJ3Q67T;
				ENABLE_BITCODE = NO;
				ENABLE_NS_ASSERTIONS = NO;
				ENABLE_STRICT_OBJC_MSGSEND = YES;
				ENABLE_USER_SCRIPT_SANDBOXING = NO;
				GCC_C_LANGUAGE_STANDARD = gnu11;
				GCC_NO_COMMON_BLOCKS = YES;
				GCC_PREPROCESSOR_DEFINITIONS = (
					"$(inherited)",
					"GLES_SILENCE_DEPRECATION=1",
				);
				GCC_WARN_64_TO_32_BIT_CONVERSION = YES;
				GCC_WARN_ABOUT_RETURN_TYPE = YES_ERROR;
				GCC_WARN_UNDECLARED_SELECTOR = YES;
				GCC_WARN_UNINITIALIZED_AUTOS = YES_AGGRESSIVE;
				GCC_WARN_UNUSED_FUNCTION = YES;
				GCC_WARN_UNUSED_VARIABLE = YES;
				IPHONEOS_DEPLOYMENT_TARGET = 18.0;
				MARKETING_VERSION = 1.6.13;
				MTL_ENABLE_DEBUG_INFO = NO;
				MTL_FAST_MATH = YES;
				PRODUCT_NAME = "$(TARGET_NAME)";
				STRING_CATALOG_GENERATE_SYMBOLS = YES;
				SUPPORTS_MACCATALYST = YES;
				SWIFT_COMPILATION_MODE = wholemodule;
				SWIFT_OPTIMIZATION_LEVEL = "-O";
				SWIFT_VERSION = 6.0;
				TVOS_DEPLOYMENT_TARGET = 18.0;
			};
			name = Release;
		};
		591F6D6387ED7CB4ED5CF6EA /* Release */ = {
			isa = XCBuildConfiguration;
			baseConfigurationReference = D699360A522DBC839FC6BA69 /* Pods-Aerio_iOS.release.xcconfig */;
			buildSettings = {
				ASSETCATALOG_COMPILER_APPICON_NAME = AppIcon;
				ASSETCATALOG_COMPILER_INCLUDE_ALL_APPICON_ASSETS = YES;
				CODE_SIGN_ALLOW_ENTITLEMENTS_MODIFICATION = YES;
				CODE_SIGN_ENTITLEMENTS = SupportingFiles/Aerio.entitlements;
				CODE_SIGN_IDENTITY = "iPhone Developer";
				CURRENT_PROJECT_VERSION = 1;
				DEVELOPMENT_TEAM = 47DTJ3Q67T;
				INFOPLIST_FILE = SupportingFiles/Info.plist;
				INFOPLIST_KEY_CFBundleDisplayName = AerioTV;
				INFOPLIST_KEY_LSApplicationCategoryType = "public.app-category.video";
				IPHONEOS_DEPLOYMENT_TARGET = 18.0;
				LD_RUNPATH_SEARCH_PATHS = (
					"$(inherited)",
					"@executable_path/Frameworks",
				);
				MARKETING_VERSION = 1.6.13;
				PRODUCT_BUNDLE_IDENTIFIER = "$(BUNDLE_ID_PREFIX).aerio";
				PRODUCT_NAME = Aerio;
				SDKROOT = iphoneos;
				SUPPORTED_PLATFORMS = "iphoneos iphonesimulator";
				SUPPORTS_MACCATALYST = NO;
				SWIFT_OBJC_BRIDGING_HEADER = "Shared/AerioObjC/Aerio-Bridging-Header.h";
				TARGETED_DEVICE_FAMILY = "1,2";
			};
			name = Release;
		};
		748263AE0CAA260641A4DC36 /* Debug */ = {
			isa = XCBuildConfiguration;
			baseConfigurationReference = A1ECC0FF1ED1ABF1ED1ABF11 /* Aerio.xcconfig */;
			buildSettings = {
				ALWAYS_SEARCH_USER_PATHS = NO;
				ASSETCATALOG_COMPILER_GENERATE_SWIFT_ASSET_SYMBOL_EXTENSIONS = YES;
				CLANG_ANALYZER_NONNULL = YES;
				CLANG_ANALYZER_NUMBER_OBJECT_CONVERSION = YES_AGGRESSIVE;
				CLANG_CXX_LANGUAGE_STANDARD = "gnu++14";
				CLANG_CXX_LIBRARY = "libc++";
				CLANG_ENABLE_MODULES = YES;
				CLANG_ENABLE_OBJC_ARC = YES;
				CLANG_ENABLE_OBJC_WEAK = YES;
				CLANG_WARN_BLOCK_CAPTURE_AUTORELEASING = YES;
				CLANG_WARN_BOOL_CONVERSION = YES;
				CLANG_WARN_COMMA = YES;
				CLANG_WARN_CONSTANT_CONVERSION = YES;
				CLANG_WARN_DEPRECATED_OBJC_IMPLEMENTATIONS = YES;
				CLANG_WARN_DIRECT_OBJC_ISA_USAGE = YES_ERROR;
				CLANG_WARN_DOCUMENTATION_COMMENTS = YES;
				CLANG_WARN_EMPTY_BODY = YES;
				CLANG_WARN_ENUM_CONVERSION = YES;
				CLANG_WARN_INFINITE_RECURSION = YES;
				CLANG_WARN_INT_CONVERSION = YES;
				CLANG_WARN_NON_LITERAL_NULL_CONVERSION = YES;
				CLANG_WARN_OBJC_IMPLICIT_RETAIN_SELF = YES;
				CLANG_WARN_OBJC_LITERAL_CONVERSION = YES;
				CLANG_WARN_OBJC_ROOT_CLASS = YES_ERROR;
				CLANG_WARN_QUOTED_INCLUDE_IN_FRAMEWORK_HEADER = YES;
				CLANG_WARN_RANGE_LOOP_ANALYSIS = YES;
				CLANG_WARN_STRICT_PROTOTYPES = YES;
				CLANG_WARN_SUSPICIOUS_MOVE = YES;
				CLANG_WARN_UNGUARDED_AVAILABILITY = YES_AGGRESSIVE;
				CLANG_WARN_UNREACHABLE_CODE = YES;
				CLANG_WARN__DUPLICATE_METHOD_MATCH = YES;
				COPY_PHASE_STRIP = NO;
				CURRENT_PROJECT_VERSION = 1;
				DEAD_CODE_STRIPPING = YES;
				DEBUG_INFORMATION_FORMAT = dwarf;
				DEVELOPMENT_TEAM = 47DTJ3Q67T;
				ENABLE_BITCODE = NO;
				ENABLE_STRICT_OBJC_MSGSEND = YES;
				ENABLE_TESTABILITY = YES;
				ENABLE_USER_SCRIPT_SANDBOXING = NO;
				GCC_C_LANGUAGE_STANDARD = gnu11;
				GCC_DYNAMIC_NO_PIC = NO;
				GCC_NO_COMMON_BLOCKS = YES;
				GCC_OPTIMIZATION_LEVEL = 0;
				GCC_PREPROCESSOR_DEFINITIONS = (
					"$(inherited)",
					"DEBUG=1",
					"GLES_SILENCE_DEPRECATION=1",
				);
				GCC_WARN_64_TO_32_BIT_CONVERSION = YES;
				GCC_WARN_ABOUT_RETURN_TYPE = YES_ERROR;
				GCC_WARN_UNDECLARED_SELECTOR = YES;
				GCC_WARN_UNINITIALIZED_AUTOS = YES_AGGRESSIVE;
				GCC_WARN_UNUSED_FUNCTION = YES;
				GCC_WARN_UNUSED_VARIABLE = YES;
				IPHONEOS_DEPLOYMENT_TARGET = 18.0;
				MARKETING_VERSION = 1.6.13;
				MTL_ENABLE_DEBUG_INFO = INCLUDE_SOURCE;
				MTL_FAST_MATH = YES;
				ONLY_ACTIVE_ARCH = YES;
				PRODUCT_NAME = "$(TARGET_NAME)";
				STRING_CATALOG_GENERATE_SYMBOLS = YES;
				SUPPORTS_MACCATALYST = YES;
				SWIFT_ACTIVE_COMPILATION_CONDITIONS = DEBUG;
				SWIFT_OPTIMIZATION_LEVEL = "-Onone";
				SWIFT_VERSION = 6.0;
				TVOS_DEPLOYMENT_TARGET = 18.0;
			};
			name = Debug;
		};
		D64CEFE7FC072A7357E6D379 /* Debug */ = {
			isa = XCBuildConfiguration;
			baseConfigurationReference = 0EEF62484815637B5043D834 /* Pods-Aerio_tvOS.debug.xcconfig */;
			buildSettings = {
				ASSETCATALOG_COMPILER_APPICON_NAME = "App Icon & Top Shelf Image";
				ASSETCATALOG_COMPILER_LAUNCHIMAGE_NAME = LaunchImage;
				CODE_SIGN_ENTITLEMENTS = Aerio_tvOS.entitlements;
				CURRENT_PROJECT_VERSION = 1;
				INFOPLIST_FILE = SupportingFiles/Info.plist;
				INFOPLIST_KEY_CFBundleDisplayName = AerioTV;
				INFOPLIST_KEY_LSApplicationCategoryType = "public.app-category.video";
				LD_RUNPATH_SEARCH_PATHS = (
					"$(inherited)",
					"@executable_path/Frameworks",
				);
				PRODUCT_BUNDLE_IDENTIFIER = "$(BUNDLE_ID_PREFIX).aerio";
				PRODUCT_NAME = Aerio;
				SDKROOT = appletvos;
				TARGETED_DEVICE_FAMILY = 3;
				TVOS_DEPLOYMENT_TARGET = 18.0;
			};
			name = Debug;
		};
/* End XCBuildConfiguration section */

/* Begin XCConfigurationList section */
		53EE43EF2A156AB0859B4923 /* Build configuration list for PBXNativeTarget "Aerio_iOS" */ = {
			isa = XCConfigurationList;
			buildConfigurations = (
				0FEC2E21180118A37C2B6E86 /* Debug */,
				591F6D6387ED7CB4ED5CF6EA /* Release */,
			);
			defaultConfigurationIsVisible = 0;
			defaultConfigurationName = Release;
		};
		880EE68A9BBB3CA4912BB19D /* Build configuration list for PBXNativeTarget "Aerio_tvOS" */ = {
			isa = XCConfigurationList;
			buildConfigurations = (
				D64CEFE7FC072A7357E6D379 /* Debug */,
				0666C45943E3AC3A9A7BEE8B /* Release */,
			);
			defaultConfigurationIsVisible = 0;
			defaultConfigurationName = Release;
		};
		E14095500FDB469BC6E1027E /* Build configuration list for PBXProject "Aerio" */ = {
			isa = XCConfigurationList;
			buildConfigurations = (
				748263AE0CAA260641A4DC36 /* Debug */,
				58770CA2B53D8AA283368438 /* Release */,
			);
			defaultConfigurationIsVisible = 0;
			defaultConfigurationName = Release;
		};
		ED8422D10957C4684885F7D5 /* Build configuration list for PBXNativeTarget "AerioTopShelf" */ = {
			isa = XCConfigurationList;
			buildConfigurations = (
				20D0A0B9A467AE7A9A157446 /* Release */,
				01DDFCC8CB0708CA2ADEA45F /* Debug */,
			);
			defaultConfigurationIsVisible = 0;
			defaultConfigurationName = Release;
		};
/* End XCConfigurationList section */

/* Begin XCRemoteSwiftPackageReference section */
		BDD64B7F2F76FD240055F82C /* XCRemoteSwiftPackageReference "MPVKit" */ = {
			isa = XCRemoteSwiftPackageReference;
			repositoryURL = "https://github.com/mpvkit/MPVKit.git";
			requirement = {
				kind = upToNextMajorVersion;
				minimumVersion = 0.41.0;
			};
		};
/* End XCRemoteSwiftPackageReference section */

/* Begin XCSwiftPackageProductDependency section */
		BDD64B822F76FD240055F82C /* MPVKit-GPL */ = {
			isa = XCSwiftPackageProductDependency;
			package = BDD64B7F2F76FD240055F82C /* XCRemoteSwiftPackageReference "MPVKit" */;
			productName = "MPVKit-GPL";
		};
		BDD64B862F76FD890055F82C /* MPVKit-GPL */ = {
			isa = XCSwiftPackageProductDependency;
			package = BDD64B7F2F76FD240055F82C /* XCRemoteSwiftPackageReference "MPVKit" */;
			productName = "MPVKit-GPL";
		};
/* End XCSwiftPackageProductDependency section */
	};
	rootObject = FF7071163D6291891DEC5B95 /* Project object */;
}
